// !$*UTF8*$!
{
	archiveVersion = 1;
	classes = {
	};
	objectVersion = 55;
	objects = {

/* Begin PBXBuildFile section */
		CB1676B0C1C67D306D35730B /* Pods_NotesApp.framework in Frameworks */ = {isa = PBXBuildFile; fileRef = 85BCDF812468C7C029B2F02F /* Pods_NotesApp.framework */; };
		DE156CB02795865D00356E1A /* DetailViewController.swift in Sources */ = {isa = PBXBuildFile; fileRef = DE156CAF2795865D00356E1A /* DetailViewController.swift */; };
		DE219F2727DB8CED00A956BA /* WEBViewController.swift in Sources */ = {isa = PBXBuildFile; fileRef = DE219F2627DB8CED00A956BA /* WEBViewController.swift */; };
		DE4CA9D82884BCE700924D66 /* ModulesBuilder.swift in Sources */ = {isa = PBXBuildFile; fileRef = DE4CA9D72884BCE700924D66 /* ModulesBuilder.swift */; };
		DE4CA9DD2884BDC000924D66 /* NotesTablePresenter.swift in Sources */ = {isa = PBXBuildFile; fileRef = DE4CA9DC2884BDC000924D66 /* NotesTablePresenter.swift */; };
		DE4CA9E02884C08600924D66 /* NotesTableViewController.swift in Sources */ = {isa = PBXBuildFile; fileRef = DE4CA9DE2884C08600924D66 /* NotesTableViewController.swift */; };
		DE4CA9E12884C08600924D66 /* NotesTableViewController.xib in Resources */ = {isa = PBXBuildFile; fileRef = DE4CA9DF2884C08600924D66 /* NotesTableViewController.xib */; };
		DE4CA9E52884C1E800924D66 /* NotesTableViewCell.swift in Sources */ = {isa = PBXBuildFile; fileRef = DE4CA9E32884C1E800924D66 /* NotesTableViewCell.swift */; };
		DE4CA9E62884C1E800924D66 /* NotesTableViewCell.xib in Resources */ = {isa = PBXBuildFile; fileRef = DE4CA9E42884C1E800924D66 /* NotesTableViewCell.xib */; };
		DE52A41527E77C1400C9B612 /* Localizable.strings in Resources */ = {isa = PBXBuildFile; fileRef = DE52A41727E77C1400C9B612 /* Localizable.strings */; };
		DE8155F42885B6AE00A9E9AA /* DetailPresenter.swift in Sources */ = {isa = PBXBuildFile; fileRef = DE8155F32885B6AE00A9E9AA /* DetailPresenter.swift */; };
		DE8155F72885B82500A9E9AA /* DetailVC.swift in Sources */ = {isa = PBXBuildFile; fileRef = DE8155F52885B82500A9E9AA /* DetailVC.swift */; };
		DE8155F82885B82500A9E9AA /* DetailVC.xib in Resources */ = {isa = PBXBuildFile; fileRef = DE8155F62885B82500A9E9AA /* DetailVC.xib */; };
		DE9BC35828672A70005EADF8 /* RegistrationModule.swift in Sources */ = {isa = PBXBuildFile; fileRef = DE9BC35728672A70005EADF8 /* RegistrationModule.swift */; };
		DE9BC35A28672BA3005EADF8 /* FilesModule.swift in Sources */ = {isa = PBXBuildFile; fileRef = DE9BC35928672BA3005EADF8 /* FilesModule.swift */; };
		DE9BC35D286730EE005EADF8 /* User.swift in Sources */ = {isa = PBXBuildFile; fileRef = DE9BC35C286730ED005EADF8 /* User.swift */; };
		DE9BC364286770CC005EADF8 /* NoteTableViewController.swift in Sources */ = {isa = PBXBuildFile; fileRef = DE9BC363286770CC005EADF8 /* NoteTableViewController.swift */; };
		DE9BC366286773B5005EADF8 /* SearchController.swift in Sources */ = {isa = PBXBuildFile; fileRef = DE9BC365286773B5005EADF8 /* SearchController.swift */; };
		DE9F8DA727DA428C001852C3 /* TabBarController.swift in Sources */ = {isa = PBXBuildFile; fileRef = DE9F8DA627DA428C001852C3 /* TabBarController.swift */; };
		DE9F8DAA27DA43A3001852C3 /* AppSettings.swift in Sources */ = {isa = PBXBuildFile; fileRef = DE9F8DA927DA43A3001852C3 /* AppSettings.swift */; };
		DEAF9AFB2797442F00831B85 /* SettingsTableVC.swift in Sources */ = {isa = PBXBuildFile; fileRef = DEAF9AFA2797442F00831B85 /* SettingsTableVC.swift */; };
		DECF042927C944E90069FF0A /* AuthorisationViewController.swift in Sources */ = {isa = PBXBuildFile; fileRef = DECF042827C944E90069FF0A /* AuthorisationViewController.swift */; };
		DEDD854E279317400075D525 /* AppDelegate.swift in Sources */ = {isa = PBXBuildFile; fileRef = DEDD854D279317400075D525 /* AppDelegate.swift */; };
		DEDD8550279317400075D525 /* SceneDelegate.swift in Sources */ = {isa = PBXBuildFile; fileRef = DEDD854F279317400075D525 /* SceneDelegate.swift */; };
		DEDD8555279317400075D525 /* Main.storyboard in Resources */ = {isa = PBXBuildFile; fileRef = DEDD8553279317400075D525 /* Main.storyboard */; };
		DEDD8557279317420075D525 /* Assets.xcassets in Resources */ = {isa = PBXBuildFile; fileRef = DEDD8556279317420075D525 /* Assets.xcassets */; };
		DEDD855A279317420075D525 /* LaunchScreen.storyboard in Resources */ = {isa = PBXBuildFile; fileRef = DEDD8558279317420075D525 /* LaunchScreen.storyboard */; };
		DEDD8562279319120075D525 /* GoogleService-Info.plist in Resources */ = {isa = PBXBuildFile; fileRef = DEDD8561279319120075D525 /* GoogleService-Info.plist */; };
		DEDD856527931C510075D525 /* Note.swift in Sources */ = {isa = PBXBuildFile; fileRef = DEDD856427931C510075D525 /* Note.swift */; };
		DEDD856727931C830075D525 /* APIManager.swift in Sources */ = {isa = PBXBuildFile; fileRef = DEDD856627931C830075D525 /* APIManager.swift */; };
		DEDD856A27931F1C0075D525 /* NoteTableViewCell.swift in Sources */ = {isa = PBXBuildFile; fileRef = DEDD856927931F1C0075D525 /* NoteTableViewCell.swift */; };
/* End PBXBuildFile section */

/* Begin PBXFileReference section */
		85BCDF812468C7C029B2F02F /* Pods_NotesApp.framework */ = {isa = PBXFileReference; explicitFileType = wrapper.framework; includeInIndex = 0; path = Pods_NotesApp.framework; sourceTree = BUILT_PRODUCTS_DIR; };
		AFEE54E9182AFD183FF8F65E /* Pods-NotesApp.release.xcconfig */ = {isa = PBXFileReference; includeInIndex = 1; lastKnownFileType = text.xcconfig; name = "Pods-NotesApp.release.xcconfig"; path = "Target Support Files/Pods-NotesApp/Pods-NotesApp.release.xcconfig"; sourceTree = "<group>"; };
		CC4F1A8F2DA7DF4762F4F701 /* Pods-NotesApp.debug.xcconfig */ = {isa = PBXFileReference; includeInIndex = 1; lastKnownFileType = text.xcconfig; name = "Pods-NotesApp.debug.xcconfig"; path = "Target Support Files/Pods-NotesApp/Pods-NotesApp.debug.xcconfig"; sourceTree = "<group>"; };
		DE156CAF2795865D00356E1A /* DetailViewController.swift */ = {isa = PBXFileReference; lastKnownFileType = sourcecode.swift; path = DetailViewController.swift; sourceTree = "<group>"; };
		DE219F2627DB8CED00A956BA /* WEBViewController.swift */ = {isa = PBXFileReference; lastKnownFileType = sourcecode.swift; path = WEBViewController.swift; sourceTree = "<group>"; };
		DE4CA9D72884BCE700924D66 /* ModulesBuilder.swift */ = {isa = PBXFileReference; lastKnownFileType = sourcecode.swift; path = ModulesBuilder.swift; sourceTree = "<group>"; };
		DE4CA9DC2884BDC000924D66 /* NotesTablePresenter.swift */ = {isa = PBXFileReference; lastKnownFileType = sourcecode.swift; path = NotesTablePresenter.swift; sourceTree = "<group>"; };
		DE4CA9DE2884C08600924D66 /* NotesTableViewController.swift */ = {isa = PBXFileReference; lastKnownFileType = sourcecode.swift; path = NotesTableViewController.swift; sourceTree = "<group>"; };
		DE4CA9DF2884C08600924D66 /* NotesTableViewController.xib */ = {isa = PBXFileReference; lastKnownFileType = file.xib; path = NotesTableViewController.xib; sourceTree = "<group>"; };
		DE4CA9E32884C1E800924D66 /* NotesTableViewCell.swift */ = {isa = PBXFileReference; lastKnownFileType = sourcecode.swift; path = NotesTableViewCell.swift; sourceTree = "<group>"; };
		DE4CA9E42884C1E800924D66 /* NotesTableViewCell.xib */ = {isa = PBXFileReference; lastKnownFileType = file.xib; path = NotesTableViewCell.xib; sourceTree = "<group>"; };
		DE52A41127E7788E00C9B612 /* ru */ = {isa = PBXFileReference; lastKnownFileType = text.plist.strings; name = ru; path = ru.lproj/Main.strings; sourceTree = "<group>"; };
		DE52A41227E7788F00C9B612 /* ru */ = {isa = PBXFileReference; lastKnownFileType = text.plist.strings; name = ru; path = ru.lproj/LaunchScreen.strings; sourceTree = "<group>"; };
		DE52A41627E77C1400C9B612 /* ru */ = {isa = PBXFileReference; lastKnownFileType = text.plist.strings; name = ru; path = ru.lproj/Localizable.strings; sourceTree = "<group>"; };
		DE52A41927E7818F00C9B612 /* en */ = {isa = PBXFileReference; lastKnownFileType = text.plist.strings; name = en; path = en.lproj/Localizable.strings; sourceTree = "<group>"; };
		DE8155F32885B6AE00A9E9AA /* DetailPresenter.swift */ = {isa = PBXFileReference; lastKnownFileType = sourcecode.swift; path = DetailPresenter.swift; sourceTree = "<group>"; };
		DE8155F52885B82500A9E9AA /* DetailVC.swift */ = {isa = PBXFileReference; lastKnownFileType = sourcecode.swift; path = DetailVC.swift; sourceTree = "<group>"; };
		DE8155F62885B82500A9E9AA /* DetailVC.xib */ = {isa = PBXFileReference; lastKnownFileType = file.xib; path = DetailVC.xib; sourceTree = "<group>"; };
		DE9BC35728672A70005EADF8 /* RegistrationModule.swift */ = {isa = PBXFileReference; lastKnownFileType = sourcecode.swift; path = RegistrationModule.swift; sourceTree = "<group>"; };
		DE9BC35928672BA3005EADF8 /* FilesModule.swift */ = {isa = PBXFileReference; lastKnownFileType = sourcecode.swift; path = FilesModule.swift; sourceTree = "<group>"; };
		DE9BC35C286730ED005EADF8 /* User.swift */ = {isa = PBXFileReference; lastKnownFileType = sourcecode.swift; path = User.swift; sourceTree = "<group>"; };
		DE9BC363286770CC005EADF8 /* NoteTableViewController.swift */ = {isa = PBXFileReference; lastKnownFileType = sourcecode.swift; path = NoteTableViewController.swift; sourceTree = "<group>"; };
		DE9BC365286773B5005EADF8 /* SearchController.swift */ = {isa = PBXFileReference; lastKnownFileType = sourcecode.swift; path = SearchController.swift; sourceTree = "<group>"; };
		DE9F8DA627DA428C001852C3 /* TabBarController.swift */ = {isa = PBXFileReference; lastKnownFileType = sourcecode.swift; path = TabBarController.swift; sourceTree = "<group>"; };
		DE9F8DA927DA43A3001852C3 /* AppSettings.swift */ = {isa = PBXFileReference; lastKnownFileType = sourcecode.swift; path = AppSettings.swift; sourceTree = "<group>"; };
		DEAF9AFA2797442F00831B85 /* SettingsTableVC.swift */ = {isa = PBXFileReference; lastKnownFileType = sourcecode.swift; path = SettingsTableVC.swift; sourceTree = "<group>"; };
		DECF042827C944E90069FF0A /* AuthorisationViewController.swift */ = {isa = PBXFileReference; lastKnownFileType = sourcecode.swift; path = AuthorisationViewController.swift; sourceTree = "<group>"; };
		DEDD854A279317400075D525 /* NotesApp.app */ = {isa = PBXFileReference; explicitFileType = wrapper.application; includeInIndex = 0; path = NotesApp.app; sourceTree = BUILT_PRODUCTS_DIR; };
		DEDD854D279317400075D525 /* AppDelegate.swift */ = {isa = PBXFileReference; lastKnownFileType = sourcecode.swift; path = AppDelegate.swift; sourceTree = "<group>"; };
		DEDD854F279317400075D525 /* SceneDelegate.swift */ = {isa = PBXFileReference; lastKnownFileType = sourcecode.swift; path = SceneDelegate.swift; sourceTree = "<group>"; };
		DEDD8554279317400075D525 /* Base */ = {isa = PBXFileReference; lastKnownFileType = file.storyboard; name = Base; path = Base.lproj/Main.storyboard; sourceTree = "<group>"; };
		DEDD8556279317420075D525 /* Assets.xcassets */ = {isa = PBXFileReference; lastKnownFileType = folder.assetcatalog; path = Assets.xcassets; sourceTree = "<group>"; };
		DEDD8559279317420075D525 /* Base */ = {isa = PBXFileReference; lastKnownFileType = file.storyboard; name = Base; path = Base.lproj/LaunchScreen.storyboard; sourceTree = "<group>"; };
		DEDD855B279317420075D525 /* Info.plist */ = {isa = PBXFileReference; lastKnownFileType = text.plist.xml; path = Info.plist; sourceTree = "<group>"; };
		DEDD8561279319120075D525 /* GoogleService-Info.plist */ = {isa = PBXFileReference; fileEncoding = 4; lastKnownFileType = text.plist.xml; path = "GoogleService-Info.plist"; sourceTree = "<group>"; };
		DEDD856427931C510075D525 /* Note.swift */ = {isa = PBXFileReference; lastKnownFileType = sourcecode.swift; path = Note.swift; sourceTree = "<group>"; };
		DEDD856627931C830075D525 /* APIManager.swift */ = {isa = PBXFileReference; lastKnownFileType = sourcecode.swift; path = APIManager.swift; sourceTree = "<group>"; wrapsLines = 0; };
		DEDD856927931F1C0075D525 /* NoteTableViewCell.swift */ = {isa = PBXFileReference; lastKnownFileType = sourcecode.swift; path = NoteTableViewCell.swift; sourceTree = "<group>"; };
/* End PBXFileReference section */

/* Begin PBXFrameworksBuildPhase section */
		DEDD8547279317400075D525 /* Frameworks */ = {
			isa = PBXFrameworksBuildPhase;
			buildActionMask = 2147483647;
			files = (
				CB1676B0C1C67D306D35730B /* Pods_NotesApp.framework in Frameworks */,
			);
			runOnlyForDeploymentPostprocessing = 0;
		};
/* End PBXFrameworksBuildPhase section */

/* Begin PBXGroup section */
		5C26B664874D390B4534D8D1 /* Pods */ = {
			isa = PBXGroup;
			children = (
				CC4F1A8F2DA7DF4762F4F701 /* Pods-NotesApp.debug.xcconfig */,
				AFEE54E9182AFD183FF8F65E /* Pods-NotesApp.release.xcconfig */,
			);
			path = Pods;
			sourceTree = "<group>";
		};
		DE4CA9D52884BCA200924D66 /* Modules */ = {
			isa = PBXGroup;
			children = (
				DE8155F02885B68B00A9E9AA /* DetailModule */,
				DE4CA9D92884BDA100924D66 /* NotesTableModule */,
			);
			path = Modules;
			sourceTree = "<group>";
		};
		DE4CA9D62884BCA700924D66 /* NetworkService */ = {
			isa = PBXGroup;
			children = (
				DEDD856327931C410075D525 /* Firebase */,
			);
			path = NetworkService;
			sourceTree = "<group>";
		};
		DE4CA9D92884BDA100924D66 /* NotesTableModule */ = {
			isa = PBXGroup;
			children = (
				DE4CA9DA2884BDAB00924D66 /* View */,
				DE4CA9DB2884BDB000924D66 /* Presenter */,
			);
			path = NotesTableModule;
			sourceTree = "<group>";
		};
		DE4CA9DA2884BDAB00924D66 /* View */ = {
			isa = PBXGroup;
			children = (
				DE4CA9E22884C1CE00924D66 /* Cell */,
				DE4CA9DE2884C08600924D66 /* NotesTableViewController.swift */,
				DE4CA9DF2884C08600924D66 /* NotesTableViewController.xib */,
			);
			path = View;
			sourceTree = "<group>";
		};
		DE4CA9DB2884BDB000924D66 /* Presenter */ = {
			isa = PBXGroup;
			children = (
				DE4CA9DC2884BDC000924D66 /* NotesTablePresenter.swift */,
			);
			path = Presenter;
			sourceTree = "<group>";
		};
		DE4CA9E22884C1CE00924D66 /* Cell */ = {
			isa = PBXGroup;
			children = (
				DE4CA9E32884C1E800924D66 /* NotesTableViewCell.swift */,
				DE4CA9E42884C1E800924D66 /* NotesTableViewCell.xib */,
			);
			path = Cell;
			sourceTree = "<group>";
		};
		DE8155F02885B68B00A9E9AA /* DetailModule */ = {
			isa = PBXGroup;
			children = (
				DE8155F12885B69500A9E9AA /* View */,
				DE8155F22885B69B00A9E9AA /* Presenter */,
			);
			path = DetailModule;
			sourceTree = "<group>";
		};
		DE8155F12885B69500A9E9AA /* View */ = {
			isa = PBXGroup;
			children = (
				DE8155F52885B82500A9E9AA /* DetailVC.swift */,
				DE8155F62885B82500A9E9AA /* DetailVC.xib */,
			);
			path = View;
			sourceTree = "<group>";
		};
		DE8155F22885B69B00A9E9AA /* Presenter */ = {
			isa = PBXGroup;
			children = (
				DE8155F32885B6AE00A9E9AA /* DetailPresenter.swift */,
			);
			path = Presenter;
			sourceTree = "<group>";
		};
		DE9BC35628672A4F005EADF8 /* Modules */ = {
			isa = PBXGroup;
			children = (
				DE9BC35728672A70005EADF8 /* RegistrationModule.swift */,
				DE9BC35928672BA3005EADF8 /* FilesModule.swift */,
			);
			path = Modules;
			sourceTree = "<group>";
		};
		DE9BC35B286730B0005EADF8 /* Structs */ = {
			isa = PBXGroup;
			children = (
				DEDD856427931C510075D525 /* Note.swift */,
				DE9BC35C286730ED005EADF8 /* User.swift */,
			);
			path = Structs;
			sourceTree = "<group>";
		};
		DE9BC35E28676F30005EADF8 /* NoteView */ = {
			isa = PBXGroup;
			children = (
				DEDD856927931F1C0075D525 /* NoteTableViewCell.swift */,
				DE9BC363286770CC005EADF8 /* NoteTableViewController.swift */,
				DE9BC365286773B5005EADF8 /* SearchController.swift */,
			);
			path = NoteView;
			sourceTree = "<group>";
		};
		DE9BC36128676F74005EADF8 /* SettingsSet */ = {
			isa = PBXGroup;
			children = (
				DEAF9AFA2797442F00831B85 /* SettingsTableVC.swift */,
				DECF042827C944E90069FF0A /* AuthorisationViewController.swift */,
				DE219F2627DB8CED00A956BA /* WEBViewController.swift */,
			);
			path = SettingsSet;
			sourceTree = "<group>";
		};
		DE9BC36228676FC1005EADF8 /* NotesSet */ = {
			isa = PBXGroup;
			children = (
				DE9BC35E28676F30005EADF8 /* NoteView */,
				DE156CAF2795865D00356E1A /* DetailViewController.swift */,
			);
			path = NotesSet;
			sourceTree = "<group>";
		};
		DE9F8DA827DA438A001852C3 /* Model */ = {
			isa = PBXGroup;
			children = (
				DE9F8DA927DA43A3001852C3 /* AppSettings.swift */,
				DE9BC35B286730B0005EADF8 /* Structs */,
			);
			path = Model;
			sourceTree = "<group>";
		};
		DEDD8541279317400075D525 = {
			isa = PBXGroup;
			children = (
				DEDD854C279317400075D525 /* NotesApp */,
				DEDD854B279317400075D525 /* Products */,
				5C26B664874D390B4534D8D1 /* Pods */,
				E7918E2F91A67B14DE776260 /* Frameworks */,
			);
			sourceTree = "<group>";
		};
		DEDD854B279317400075D525 /* Products */ = {
			isa = PBXGroup;
			children = (
				DEDD854A279317400075D525 /* NotesApp.app */,
			);
			name = Products;
			sourceTree = "<group>";
		};
		DEDD854C279317400075D525 /* NotesApp */ = {
			isa = PBXGroup;
			children = (
				DEDD854D279317400075D525 /* AppDelegate.swift */,
				DEDD854F279317400075D525 /* SceneDelegate.swift */,
				DE4CA9D72884BCE700924D66 /* ModulesBuilder.swift */,
				DE4CA9D62884BCA700924D66 /* NetworkService */,
				DE9F8DA827DA438A001852C3 /* Model */,
				DEDD856827931D730075D525 /* ViewControllers */,
				DE9F8DA627DA428C001852C3 /* TabBarController.swift */,
				DE4CA9D52884BCA200924D66 /* Modules */,
				DEDD8553279317400075D525 /* Main.storyboard */,
				DEDD8556279317420075D525 /* Assets.xcassets */,
				DEDD8558279317420075D525 /* LaunchScreen.storyboard */,
				DE52A41727E77C1400C9B612 /* Localizable.strings */,
				DEDD855B279317420075D525 /* Info.plist */,
				DEDD8561279319120075D525 /* GoogleService-Info.plist */,
			);
			path = NotesApp;
			sourceTree = "<group>";
		};
		DEDD856327931C410075D525 /* Firebase */ = {
			isa = PBXGroup;
			children = (
				DEDD856627931C830075D525 /* APIManager.swift */,
				DE9BC35628672A4F005EADF8 /* Modules */,
			);
			path = Firebase;
			sourceTree = "<group>";
		};
		DEDD856827931D730075D525 /* ViewControllers */ = {
			isa = PBXGroup;
			children = (
				DE9BC36228676FC1005EADF8 /* NotesSet */,
				DE9BC36128676F74005EADF8 /* SettingsSet */,
			);
			path = ViewControllers;
			sourceTree = "<group>";
		};
		E7918E2F91A67B14DE776260 /* Frameworks */ = {
			isa = PBXGroup;
			children = (
				85BCDF812468C7C029B2F02F /* Pods_NotesApp.framework */,
			);
			name = Frameworks;
			sourceTree = "<group>";
		};
/* End PBXGroup section */

/* Begin PBXNativeTarget section */
		DEDD8549279317400075D525 /* NotesApp */ = {
			isa = PBXNativeTarget;
			buildConfigurationList = DEDD855E279317420075D525 /* Build configuration list for PBXNativeTarget "NotesApp" */;
			buildPhases = (
				BDFDCD70BF3596846CD9EDA1 /* [CP] Check Pods Manifest.lock */,
				DEDD8546279317400075D525 /* Sources */,
				DEDD8547279317400075D525 /* Frameworks */,
				DEDD8548279317400075D525 /* Resources */,
				EAE8390B0F433214B2B4F710 /* [CP] Embed Pods Frameworks */,
			);
			buildRules = (
			);
			dependencies = (
			);
			name = NotesApp;
			productName = NotesApp;
			productReference = DEDD854A279317400075D525 /* NotesApp.app */;
			productType = "com.apple.product-type.application";
		};
/* End PBXNativeTarget section */

/* Begin PBXProject section */
		DEDD8542279317400075D525 /* Project object */ = {
			isa = PBXProject;
			attributes = {
				BuildIndependentTargetsInParallel = 1;
				LastSwiftUpdateCheck = 1320;
				LastUpgradeCheck = 1320;
				TargetAttributes = {
					DEDD8549279317400075D525 = {
						CreatedOnToolsVersion = 13.2.1;
					};
				};
			};
			buildConfigurationList = DEDD8545279317400075D525 /* Build configuration list for PBXProject "NotesApp" */;
			compatibilityVersion = "Xcode 13.0";
			developmentRegion = en;
			hasScannedForEncodings = 0;
			knownRegions = (
				en,
				Base,
				ru,
			);
			mainGroup = DEDD8541279317400075D525;
			productRefGroup = DEDD854B279317400075D525 /* Products */;
			projectDirPath = "";
			projectRoot = "";
			targets = (
				DEDD8549279317400075D525 /* NotesApp */,
			);
		};
/* End PBXProject section */

/* Begin PBXResourcesBuildPhase section */
		DEDD8548279317400075D525 /* Resources */ = {
			isa = PBXResourcesBuildPhase;
			buildActionMask = 2147483647;
			files = (
				DE52A41527E77C1400C9B612 /* Localizable.strings in Resources */,
				DEDD855A279317420075D525 /* LaunchScreen.storyboard in Resources */,
				DE4CA9E62884C1E800924D66 /* NotesTableViewCell.xib in Resources */,
				DE8155F82885B82500A9E9AA /* DetailVC.xib in Resources */,
				DEDD8562279319120075D525 /* GoogleService-Info.plist in Resources */,
				DE4CA9E12884C08600924D66 /* NotesTableViewController.xib in Resources */,
				DEDD8557279317420075D525 /* Assets.xcassets in Resources */,
				DEDD8555279317400075D525 /* Main.storyboard in Resources */,
			);
			runOnlyForDeploymentPostprocessing = 0;
		};
/* End PBXResourcesBuildPhase section */

/* Begin PBXShellScriptBuildPhase section */
		BDFDCD70BF3596846CD9EDA1 /* [CP] Check Pods Manifest.lock */ = {
			isa = PBXShellScriptBuildPhase;
			buildActionMask = 2147483647;
			files = (
			);
			inputFileListPaths = (
			);
			inputPaths = (
				"${PODS_PODFILE_DIR_PATH}/Podfile.lock",
				"${PODS_ROOT}/Manifest.lock",
			);
			name = "[CP] Check Pods Manifest.lock";
			outputFileListPaths = (
			);
			outputPaths = (
				"$(DERIVED_FILE_DIR)/Pods-NotesApp-checkManifestLockResult.txt",
			);
			runOnlyForDeploymentPostprocessing = 0;
			shellPath = /bin/sh;
			shellScript = "diff \"${PODS_PODFILE_DIR_PATH}/Podfile.lock\" \"${PODS_ROOT}/Manifest.lock\" > /dev/null\nif [ $? != 0 ] ; then\n    # print error to STDERR\n    echo \"error: The sandbox is not in sync with the Podfile.lock. Run 'pod install' or update your CocoaPods installation.\" >&2\n    exit 1\nfi\n# This output is used by Xcode 'outputs' to avoid re-running this script phase.\necho \"SUCCESS\" > \"${SCRIPT_OUTPUT_FILE_0}\"\n";
			showEnvVarsInLog = 0;
		};
		EAE8390B0F433214B2B4F710 /* [CP] Embed Pods Frameworks */ = {
			isa = PBXShellScriptBuildPhase;
			buildActionMask = 2147483647;
			files = (
			);
			inputFileListPaths = (
				"${PODS_ROOT}/Target Support Files/Pods-NotesApp/Pods-NotesApp-frameworks-${CONFIGURATION}-input-files.xcfilelist",
			);
			name = "[CP] Embed Pods Frameworks";
			outputFileListPaths = (
				"${PODS_ROOT}/Target Support Files/Pods-NotesApp/Pods-NotesApp-frameworks-${CONFIGURATION}-output-files.xcfilelist",
			);
			runOnlyForDeploymentPostprocessing = 0;
			shellPath = /bin/sh;
			shellScript = "\"${PODS_ROOT}/Target Support Files/Pods-NotesApp/Pods-NotesApp-frameworks.sh\"\n";
			showEnvVarsInLog = 0;
		};
/* End PBXShellScriptBuildPhase section */

/* Begin PBXSourcesBuildPhase section */
		DEDD8546279317400075D525 /* Sources */ = {
			isa = PBXSourcesBuildPhase;
			buildActionMask = 2147483647;
			files = (
				DE9BC35828672A70005EADF8 /* RegistrationModule.swift in Sources */,
				DE9BC35A28672BA3005EADF8 /* FilesModule.swift in Sources */,
				DEDD856527931C510075D525 /* Note.swift in Sources */,
				DEAF9AFB2797442F00831B85 /* SettingsTableVC.swift in Sources */,
				DE9F8DAA27DA43A3001852C3 /* AppSettings.swift in Sources */,
				DE8155F42885B6AE00A9E9AA /* DetailPresenter.swift in Sources */,
				DE4CA9DD2884BDC000924D66 /* NotesTablePresenter.swift in Sources */,
				DE9F8DA727DA428C001852C3 /* TabBarController.swift in Sources */,
				DE4CA9E52884C1E800924D66 /* NotesTableViewCell.swift in Sources */,
				DEDD856727931C830075D525 /* APIManager.swift in Sources */,
				DE4CA9E02884C08600924D66 /* NotesTableViewController.swift in Sources */,
				DE8155F72885B82500A9E9AA /* DetailVC.swift in Sources */,
				DE9BC35D286730EE005EADF8 /* User.swift in Sources */,
				DE4CA9D82884BCE700924D66 /* ModulesBuilder.swift in Sources */,
				DE9BC364286770CC005EADF8 /* NoteTableViewController.swift in Sources */,
				DE9BC366286773B5005EADF8 /* SearchController.swift in Sources */,
				DEDD854E279317400075D525 /* AppDelegate.swift in Sources */,
				DECF042927C944E90069FF0A /* AuthorisationViewController.swift in Sources */,
				DEDD8550279317400075D525 /* SceneDelegate.swift in Sources */,
				DEDD856A27931F1C0075D525 /* NoteTableViewCell.swift in Sources */,
				DE156CB02795865D00356E1A /* DetailViewController.swift in Sources */,
				DE219F2727DB8CED00A956BA /* WEBViewController.swift in Sources */,
			);
			runOnlyForDeploymentPostprocessing = 0;
		};
/* End PBXSourcesBuildPhase section */

/* Begin PBXVariantGroup section */
		DE52A41727E77C1400C9B612 /* Localizable.strings */ = {
			isa = PBXVariantGroup;
			children = (
				DE52A41627E77C1400C9B612 /* ru */,
				DE52A41927E7818F00C9B612 /* en */,
			);
			name = Localizable.strings;
			sourceTree = "<group>";
		};
		DEDD8553279317400075D525 /* Main.storyboard */ = {
			isa = PBXVariantGroup;
			children = (
				DEDD8554279317400075D525 /* Base */,
				DE52A41127E7788E00C9B612 /* ru */,
			);
			name = Main.storyboard;
			sourceTree = "<group>";
		};
		DEDD8558279317420075D525 /* LaunchScreen.storyboard */ = {
			isa = PBXVariantGroup;
			children = (
				DEDD8559279317420075D525 /* Base */,
				DE52A41227E7788F00C9B612 /* ru */,
			);
			name = LaunchScreen.storyboard;
			sourceTree = "<group>";
		};
/* End PBXVariantGroup section */

/* Begin XCBuildConfiguration section */
		DEDD855C279317420075D525 /* Debug */ = {
			isa = XCBuildConfiguration;
			buildSettings = {
				ALWAYS_SEARCH_USER_PATHS = NO;
				CLANG_ANALYZER_LOCALIZABILITY_NONLOCALIZED = YES;
				CLANG_ANALYZER_NONNULL = YES;
				CLANG_ANALYZER_NUMBER_OBJECT_CONVERSION = YES_AGGRESSIVE;
				CLANG_CXX_LANGUAGE_STANDARD = "gnu++17";
				CLANG_CXX_LIBRARY = "libc++";
				CLANG_ENABLE_MODULES = YES;
				CLANG_ENABLE_OBJC_ARC = YES;
				CLANG_ENABLE_OBJC_WEAK = YES;
				CLANG_WARN_BLOCK_CAPTURE_AUTORELEASING = YES;
				CLANG_WARN_BOOL_CONVERSION = YES;
				CLANG_WARN_COMMA = YES;
				CLANG_WARN_CONSTANT_CONVERSION = YES;
				CLANG_WARN_DEPRECATED_OBJC_IMPLEMENTATIONS = YES;
				CLANG_WARN_DIRECT_OBJC_ISA_USAGE = YES_ERROR;
				CLANG_WARN_DOCUMENTATION_COMMENTS = YES;
				CLANG_WARN_EMPTY_BODY = YES;
				CLANG_WARN_ENUM_CONVERSION = YES;
				CLANG_WARN_INFINITE_RECURSION = YES;
				CLANG_WARN_INT_CONVERSION = YES;
				CLANG_WARN_NON_LITERAL_NULL_CONVERSION = YES;
				CLANG_WARN_OBJC_IMPLICIT_RETAIN_SELF = YES;
				CLANG_WARN_OBJC_LITERAL_CONVERSION = YES;
				CLANG_WARN_OBJC_ROOT_CLASS = YES_ERROR;
				CLANG_WARN_QUOTED_INCLUDE_IN_FRAMEWORK_HEADER = YES;
				CLANG_WARN_RANGE_LOOP_ANALYSIS = YES;
				CLANG_WARN_STRICT_PROTOTYPES = YES;
				CLANG_WARN_SUSPICIOUS_MOVE = YES;
				CLANG_WARN_UNGUARDED_AVAILABILITY = YES_AGGRESSIVE;
				CLANG_WARN_UNREACHABLE_CODE = YES;
				CLANG_WARN__DUPLICATE_METHOD_MATCH = YES;
				COPY_PHASE_STRIP = NO;
				DEBUG_INFORMATION_FORMAT = dwarf;
				ENABLE_STRICT_OBJC_MSGSEND = YES;
				ENABLE_TESTABILITY = YES;
				GCC_C_LANGUAGE_STANDARD = gnu11;
				GCC_DYNAMIC_NO_PIC = NO;
				GCC_NO_COMMON_BLOCKS = YES;
				GCC_OPTIMIZATION_LEVEL = 0;
				GCC_PREPROCESSOR_DEFINITIONS = (
					"DEBUG=1",
					"$(inherited)",
				);
				GCC_WARN_64_TO_32_BIT_CONVERSION = YES;
				GCC_WARN_ABOUT_RETURN_TYPE = YES_ERROR;
				GCC_WARN_UNDECLARED_SELECTOR = YES;
				GCC_WARN_UNINITIALIZED_AUTOS = YES_AGGRESSIVE;
				GCC_WARN_UNUSED_FUNCTION = YES;
				GCC_WARN_UNUSED_VARIABLE = YES;
				IPHONEOS_DEPLOYMENT_TARGET = 15.2;
				MTL_ENABLE_DEBUG_INFO = INCLUDE_SOURCE;
				MTL_FAST_MATH = YES;
				ONLY_ACTIVE_ARCH = YES;
				SDKROOT = iphoneos;
				SWIFT_ACTIVE_COMPILATION_CONDITIONS = DEBUG;
				SWIFT_OPTIMIZATION_LEVEL = "-Onone";
			};
			name = Debug;
		};
		DEDD855D279317420075D525 /* Release */ = {
			isa = XCBuildConfiguration;
			buildSettings = {
				ALWAYS_SEARCH_USER_PATHS = NO;
				CLANG_ANALYZER_LOCALIZABILITY_NONLOCALIZED = YES;
				CLANG_ANALYZER_NONNULL = YES;
				CLANG_ANALYZER_NUMBER_OBJECT_CONVERSION = YES_AGGRESSIVE;
				CLANG_CXX_LANGUAGE_STANDARD = "gnu++17";
				CLANG_CXX_LIBRARY = "libc++";
				CLANG_ENABLE_MODULES = YES;
				CLANG_ENABLE_OBJC_ARC = YES;
				CLANG_ENABLE_OBJC_WEAK = YES;
				CLANG_WARN_BLOCK_CAPTURE_AUTORELEASING = YES;
				CLANG_WARN_BOOL_CONVERSION = YES;
				CLANG_WARN_COMMA = YES;
				CLANG_WARN_CONSTANT_CONVERSION = YES;
				CLANG_WARN_DEPRECATED_OBJC_IMPLEMENTATIONS = YES;
				CLANG_WARN_DIRECT_OBJC_ISA_USAGE = YES_ERROR;
				CLANG_WARN_DOCUMENTATION_COMMENTS = YES;
				CLANG_WARN_EMPTY_BODY = YES;
				CLANG_WARN_ENUM_CONVERSION = YES;
				CLANG_WARN_INFINITE_RECURSION = YES;
				CLANG_WARN_INT_CONVERSION = YES;
				CLANG_WARN_NON_LITERAL_NULL_CONVERSION = YES;
				CLANG_WARN_OBJC_IMPLICIT_RETAIN_SELF = YES;
				CLANG_WARN_OBJC_LITERAL_CONVERSION = YES;
				CLANG_WARN_OBJC_ROOT_CLASS = YES_ERROR;
				CLANG_WARN_QUOTED_INCLUDE_IN_FRAMEWORK_HEADER = YES;
				CLANG_WARN_RANGE_LOOP_ANALYSIS = YES;
				CLANG_WARN_STRICT_PROTOTYPES = YES;
				CLANG_WARN_SUSPICIOUS_MOVE = YES;
				CLANG_WARN_UNGUARDED_AVAILABILITY = YES_AGGRESSIVE;
				CLANG_WARN_UNREACHABLE_CODE = YES;
				CLANG_WARN__DUPLICATE_METHOD_MATCH = YES;
				COPY_PHASE_STRIP = NO;
				DEBUG_INFORMATION_FORMAT = "dwarf-with-dsym";
				ENABLE_NS_ASSERTIONS = NO;
				ENABLE_STRICT_OBJC_MSGSEND = YES;
				GCC_C_LANGUAGE_STANDARD = gnu11;
				GCC_NO_COMMON_BLOCKS = YES;
				GCC_WARN_64_TO_32_BIT_CONVERSION = YES;
				GCC_WARN_ABOUT_RETURN_TYPE = YES_ERROR;
				GCC_WARN_UNDECLARED_SELECTOR = YES;
				GCC_WARN_UNINITIALIZED_AUTOS = YES_AGGRESSIVE;
				GCC_WARN_UNUSED_FUNCTION = YES;
				GCC_WARN_UNUSED_VARIABLE = YES;
				IPHONEOS_DEPLOYMENT_TARGET = 15.2;
				MTL_ENABLE_DEBUG_INFO = NO;
				MTL_FAST_MATH = YES;
				SDKROOT = iphoneos;
				SWIFT_COMPILATION_MODE = wholemodule;
				SWIFT_OPTIMIZATION_LEVEL = "-O";
				VALIDATE_PRODUCT = YES;
			};
			name = Release;
		};
		DEDD855F279317420075D525 /* Debug */ = {
			isa = XCBuildConfiguration;
			baseConfigurationReference = CC4F1A8F2DA7DF4762F4F701 /* Pods-NotesApp.debug.xcconfig */;
			buildSettings = {
				ASSETCATALOG_COMPILER_APPICON_NAME = AppIcon;
				ASSETCATALOG_COMPILER_GLOBAL_ACCENT_COLOR_NAME = AccentColor;
				CODE_SIGN_STYLE = Automatic;
				CURRENT_PROJECT_VERSION = 1;
				DEVELOPMENT_TEAM = DVR9X2HBAM;
				GENERATE_INFOPLIST_FILE = YES;
				INFOPLIST_FILE = NotesApp/Info.plist;
				INFOPLIST_KEY_UIApplicationSupportsIndirectInputEvents = YES;
				INFOPLIST_KEY_UILaunchStoryboardName = LaunchScreen;
				INFOPLIST_KEY_UIMainStoryboardFile = Main;
				INFOPLIST_KEY_UISupportedInterfaceOrientations_iPad = "UIInterfaceOrientationPortrait UIInterfaceOrientationPortraitUpsideDown UIInterfaceOrientationLandscapeLeft UIInterfaceOrientationLandscapeRight";
				INFOPLIST_KEY_UISupportedInterfaceOrientations_iPhone = "UIInterfaceOrientationPortrait UIInterfaceOrientationLandscapeLeft UIInterfaceOrientationLandscapeRight";
				LD_RUNPATH_SEARCH_PATHS = (
					"$(inherited)",
					"@executable_path/Frameworks",
				);
				MARKETING_VERSION = 1.0;
				PRODUCT_BUNDLE_IDENTIFIER = "Stanislav-Zverkov.NotesApp";
				PRODUCT_NAME = "$(TARGET_NAME)";
				SWIFT_EMIT_LOC_STRINGS = YES;
				SWIFT_VERSION = 5.0;
				TARGETED_DEVICE_FAMILY = "1,2";
			};
			name = Debug;
		};
		DEDD8560279317420075D525 /* Release */ = {
			isa = XCBuildConfiguration;
			baseConfigurationReference = AFEE54E9182AFD183FF8F65E /* Pods-NotesApp.release.xcconfig */;
			buildSettings = {
				ASSETCATALOG_COMPILER_APPICON_NAME = AppIcon;
				ASSETCATALOG_COMPILER_GLOBAL_ACCENT_COLOR_NAME = AccentColor;
				CODE_SIGN_STYLE = Automatic;
				CURRENT_PROJECT_VERSION = 1;
				DEVELOPMENT_TEAM = DVR9X2HBAM;
				GENERATE_INFOPLIST_FILE = YES;
				INFOPLIST_FILE = NotesApp/Info.plist;
				INFOPLIST_KEY_UIApplicationSupportsIndirectInputEvents = YES;
				INFOPLIST_KEY_UILaunchStoryboardName = LaunchScreen;
				INFOPLIST_KEY_UIMainStoryboardFile = Main;
				INFOPLIST_KEY_UISupportedInterfaceOrientations_iPad = "UIInterfaceOrientationPortrait UIInterfaceOrientationPortraitUpsideDown UIInterfaceOrientationLandscapeLeft UIInterfaceOrientationLandscapeRight";
				INFOPLIST_KEY_UISupportedInterfaceOrientations_iPhone = "UIInterfaceOrientationPortrait UIInterfaceOrientationLandscapeLeft UIInterfaceOrientationLandscapeRight";
				LD_RUNPATH_SEARCH_PATHS = (
					"$(inherited)",
					"@executable_path/Frameworks",
				);
				MARKETING_VERSION = 1.0;
				PRODUCT_BUNDLE_IDENTIFIER = "Stanislav-Zverkov.NotesApp";
				PRODUCT_NAME = "$(TARGET_NAME)";
				SWIFT_EMIT_LOC_STRINGS = YES;
				SWIFT_VERSION = 5.0;
				TARGETED_DEVICE_FAMILY = "1,2";
			};
			name = Release;
		};
/* End XCBuildConfiguration section */

/* Begin XCConfigurationList section */
		DEDD8545279317400075D525 /* Build configuration list for PBXProject "NotesApp" */ = {
			isa = XCConfigurationList;
			buildConfigurations = (
				DEDD855C279317420075D525 /* Debug */,
				DEDD855D279317420075D525 /* Release */,
			);
			defaultConfigurationIsVisible = 0;
			defaultConfigurationName = Release;
		};
		DEDD855E279317420075D525 /* Build configuration list for PBXNativeTarget "NotesApp" */ = {
			isa = XCConfigurationList;
			buildConfigurations = (
				DEDD855F279317420075D525 /* Debug */,
				DEDD8560279317420075D525 /* Release */,
			);
			defaultConfigurationIsVisible = 0;
			defaultConfigurationName = Release;
		};
/* End XCConfigurationList section */
	};
	rootObject = DEDD8542279317400075D525 /* Project object */;
}
