// !$*UTF8*$!
{
	archiveVersion = 1;
	classes = {
	};
	objectVersion = 55;
	objects = {

/* Begin PBXBuildFile section */
		DE0B8C7428EB49DD0001A68A /* NotesTableView.xib in Resources */ = {isa = PBXBuildFile; fileRef = DE0B8C7328EB49DD0001A68A /* NotesTableView.xib */; };
		DE1F0E4328F764590078917B /* AuthorizationView.xib in Resources */ = {isa = PBXBuildFile; fileRef = DE1F0E4528F764590078917B /* AuthorizationView.xib */; };
		DE1F0E4A28F764FD0078917B /* WEBView.xib in Resources */ = {isa = PBXBuildFile; fileRef = DE1F0E4C28F764FD0078917B /* WEBView.xib */; };
		DE2A6B5428DA5B88001C119B /* UIUserInterfaceStyle+title.swift in Sources */ = {isa = PBXBuildFile; fileRef = DE2A6B5328DA5B88001C119B /* UIUserInterfaceStyle+title.swift */; };
		DE4B004428F7277A00E6C1D9 /* NotesTable.strings in Resources */ = {isa = PBXBuildFile; fileRef = DE4B004628F7277A00E6C1D9 /* NotesTable.strings */; };
		DE4B004E28F7289E00E6C1D9 /* WEB.strings in Resources */ = {isa = PBXBuildFile; fileRef = DE4B005028F7289E00E6C1D9 /* WEB.strings */; };
		DE4B005128F728A100E6C1D9 /* Settings.strings in Resources */ = {isa = PBXBuildFile; fileRef = DE4B005328F728A100E6C1D9 /* Settings.strings */; };
		DE4B005428F728A800E6C1D9 /* Authorization.strings in Resources */ = {isa = PBXBuildFile; fileRef = DE4B005628F728A800E6C1D9 /* Authorization.strings */; };
		DE4B005C28F72D4C00E6C1D9 /* TableNames.swift in Sources */ = {isa = PBXBuildFile; fileRef = DE4B005B28F72D4C00E6C1D9 /* TableNames.swift */; };
		DE4B005F28F7333E00E6C1D9 /* TabBar.strings in Resources */ = {isa = PBXBuildFile; fileRef = DE4B006128F7333E00E6C1D9 /* TabBar.strings */; };
		DE4CA9D82884BCE700924D66 /* ModulesBuilder.swift in Sources */ = {isa = PBXBuildFile; fileRef = DE4CA9D72884BCE700924D66 /* ModulesBuilder.swift */; };
		DE4CA9DD2884BDC000924D66 /* NotesTablePresenter.swift in Sources */ = {isa = PBXBuildFile; fileRef = DE4CA9DC2884BDC000924D66 /* NotesTablePresenter.swift */; };
		DE4CA9E02884C08600924D66 /* NotesTableViewController.swift in Sources */ = {isa = PBXBuildFile; fileRef = DE4CA9DE2884C08600924D66 /* NotesTableViewController.swift */; };
		DE61937528EB50C90002CB8B /* NotesTableViewCell.xib in Resources */ = {isa = PBXBuildFile; fileRef = DE61937428EB50C90002CB8B /* NotesTableViewCell.xib */; };
		DE7470DB28D740EF0088771E /* ButtonTableViewCell.swift in Sources */ = {isa = PBXBuildFile; fileRef = DE7470DA28D740EF0088771E /* ButtonTableViewCell.swift */; };
		DE7A9065291525B600C62C03 /* CommonMockClasses.swift in Sources */ = {isa = PBXBuildFile; fileRef = DE2F6B26291522C50014C9A8 /* CommonMockClasses.swift */; };
		DE7A9066291525B900C62C03 /* NotesPresenterTest.swift in Sources */ = {isa = PBXBuildFile; fileRef = DE2F6B27291522C50014C9A8 /* NotesPresenterTest.swift */; };
		DE7A9068291526A700C62C03 /* DetailPresenterTest.swift in Sources */ = {isa = PBXBuildFile; fileRef = DE7A9067291526A700C62C03 /* DetailPresenterTest.swift */; };
		DE8155F42885B6AE00A9E9AA /* DetailPresenter.swift in Sources */ = {isa = PBXBuildFile; fileRef = DE8155F32885B6AE00A9E9AA /* DetailPresenter.swift */; };
		DE8155F72885B82500A9E9AA /* DetailViewController.swift in Sources */ = {isa = PBXBuildFile; fileRef = DE8155F52885B82500A9E9AA /* DetailViewController.swift */; };
		DE8156492885D08E00A9E9AA /* Pods_NotesApp.framework in Embed Frameworks */ = {isa = PBXBuildFile; fileRef = DE8156472885D08D00A9E9AA /* Pods_NotesApp.framework */; settings = {ATTRIBUTES = (CodeSignOnCopy, RemoveHeadersOnCopy, ); }; };
		DE87635328D7A0F700828110 /* SegmenedTableViewCell.swift in Sources */ = {isa = PBXBuildFile; fileRef = DE87635228D7A0F700828110 /* SegmenedTableViewCell.swift */; };
		DE952D6B2891C6A300F703A7 /* Pods_NotesApp.framework in Frameworks */ = {isa = PBXBuildFile; fileRef = DE952D402891C6A200F703A7 /* Pods_NotesApp.framework */; };
		DE952D6C2891C6A300F703A7 /* Pods_NotesApp.framework in Embed Frameworks */ = {isa = PBXBuildFile; fileRef = DE952D402891C6A200F703A7 /* Pods_NotesApp.framework */; settings = {ATTRIBUTES = (CodeSignOnCopy, RemoveHeadersOnCopy, ); }; };
		DE99589928DF2A7F00361A5B /* UITableView+cellManagment.swift in Sources */ = {isa = PBXBuildFile; fileRef = DE99589828DF2A7F00361A5B /* UITableView+cellManagment.swift */; };
		DE99589B28DF4D1700361A5B /* UItableViewCell+identefier.swift in Sources */ = {isa = PBXBuildFile; fileRef = DE99589A28DF4D1700361A5B /* UItableViewCell+identefier.swift */; };
		DE9BC35828672A70005EADF8 /* RegistrationModule.swift in Sources */ = {isa = PBXBuildFile; fileRef = DE9BC35728672A70005EADF8 /* RegistrationModule.swift */; };
		DE9BC35A28672BA3005EADF8 /* FilesModule.swift in Sources */ = {isa = PBXBuildFile; fileRef = DE9BC35928672BA3005EADF8 /* FilesModule.swift */; };
		DE9F8DA727DA428C001852C3 /* TabBarController.swift in Sources */ = {isa = PBXBuildFile; fileRef = DE9F8DA627DA428C001852C3 /* TabBarController.swift */; };
		DE9F8DAA27DA43A3001852C3 /* AppSettings.swift in Sources */ = {isa = PBXBuildFile; fileRef = DE9F8DA927DA43A3001852C3 /* AppSettings.swift */; };
		DEAB78DF28970C9E00BF0A9C /* WEBPresenter.swift in Sources */ = {isa = PBXBuildFile; fileRef = DEAB78DE28970C9E00BF0A9C /* WEBPresenter.swift */; };
		DEAB78E22897151C00BF0A9C /* WEBViewController.swift in Sources */ = {isa = PBXBuildFile; fileRef = DEAB78E02897151C00BF0A9C /* WEBViewController.swift */; };
		DEC36C3128EB4A6100516459 /* DetailView.xib in Resources */ = {isa = PBXBuildFile; fileRef = DEC36C3028EB4A6100516459 /* DetailView.xib */; };
		DEC36C3328EB4CBA00516459 /* SearchController.swift in Sources */ = {isa = PBXBuildFile; fileRef = DEC36C3228EB4CBA00516459 /* SearchController.swift */; };
		DEC36C3528EB4D2600516459 /* NotesTableViewCell.swift in Sources */ = {isa = PBXBuildFile; fileRef = DEC36C3428EB4D2600516459 /* NotesTableViewCell.swift */; };
		DECAB65328F22F0C00D1C60C /* FireAuthNotifName+NotifName.swift in Sources */ = {isa = PBXBuildFile; fileRef = DECAB65228F22F0C00D1C60C /* FireAuthNotifName+NotifName.swift */; };
		DEDA5CE028953B98005E4E65 /* SettingsTableViewController.swift in Sources */ = {isa = PBXBuildFile; fileRef = DEDA5CDE28953B98005E4E65 /* SettingsTableViewController.swift */; };
		DEDA5CE328953BB5005E4E65 /* SettingsPresenter.swift in Sources */ = {isa = PBXBuildFile; fileRef = DEDA5CE228953BB5005E4E65 /* SettingsPresenter.swift */; };
		DEDD854E279317400075D525 /* AppDelegate.swift in Sources */ = {isa = PBXBuildFile; fileRef = DEDD854D279317400075D525 /* AppDelegate.swift */; };
		DEDD8550279317400075D525 /* SceneDelegate.swift in Sources */ = {isa = PBXBuildFile; fileRef = DEDD854F279317400075D525 /* SceneDelegate.swift */; };
		DEDD8557279317420075D525 /* Assets.xcassets in Resources */ = {isa = PBXBuildFile; fileRef = DEDD8556279317420075D525 /* Assets.xcassets */; };
		DEDD855A279317420075D525 /* LaunchScreen.storyboard in Resources */ = {isa = PBXBuildFile; fileRef = DEDD8558279317420075D525 /* LaunchScreen.storyboard */; };
		DEDD8562279319120075D525 /* GoogleService-Info.plist in Resources */ = {isa = PBXBuildFile; fileRef = DEDD8561279319120075D525 /* GoogleService-Info.plist */; };
		DEDD856527931C510075D525 /* Note.swift in Sources */ = {isa = PBXBuildFile; fileRef = DEDD856427931C510075D525 /* Note.swift */; };
		DEDD856727931C830075D525 /* APIManager.swift in Sources */ = {isa = PBXBuildFile; fileRef = DEDD856627931C830075D525 /* APIManager.swift */; };
		DEF58CFF28EA35EA00A74347 /* AuthorizationPresenter.swift in Sources */ = {isa = PBXBuildFile; fileRef = DEF58CFB28EA35EA00A74347 /* AuthorizationPresenter.swift */; };
		DEF58D0128EA35EA00A74347 /* AuthorizationViewController.swift in Sources */ = {isa = PBXBuildFile; fileRef = DEF58CFE28EA35EA00A74347 /* AuthorizationViewController.swift */; };
/* End PBXBuildFile section */

/* Begin PBXContainerItemProxy section */
		DE622AD7290DCF9E00F7EC58 /* PBXContainerItemProxy */ = {
			isa = PBXContainerItemProxy;
			containerPortal = DEDD8542279317400075D525 /* Project object */;
			proxyType = 1;
			remoteGlobalIDString = DEDD8549279317400075D525;
			remoteInfo = NotesApp;
		};
/* End PBXContainerItemProxy section */

/* Begin PBXCopyFilesBuildPhase section */
		DE81564A2885D08E00A9E9AA /* Embed Frameworks */ = {
			isa = PBXCopyFilesBuildPhase;
			buildActionMask = 2147483647;
			dstPath = "";
			dstSubfolderSpec = 10;
			files = (
				DE8156492885D08E00A9E9AA /* Pods_NotesApp.framework in Embed Frameworks */,
				DE952D6C2891C6A300F703A7 /* Pods_NotesApp.framework in Embed Frameworks */,
			);
			name = "Embed Frameworks";
			runOnlyForDeploymentPostprocessing = 0;
		};
/* End PBXCopyFilesBuildPhase section */

/* Begin PBXFileReference section */
		17C7851A5B1C84E39C2F5F50 /* Pods-Tests.release.xcconfig */ = {isa = PBXFileReference; includeInIndex = 1; lastKnownFileType = text.xcconfig; name = "Pods-Tests.release.xcconfig"; path = "Target Support Files/Pods-Tests/Pods-Tests.release.xcconfig"; sourceTree = "<group>"; };
		3E2E642DDCA4F79316EB3164 /* Pods-Tests.debug.xcconfig */ = {isa = PBXFileReference; includeInIndex = 1; lastKnownFileType = text.xcconfig; name = "Pods-Tests.debug.xcconfig"; path = "Target Support Files/Pods-Tests/Pods-Tests.debug.xcconfig"; sourceTree = "<group>"; };
		85BCDF812468C7C029B2F02F /* Pods_NotesApp.framework */ = {isa = PBXFileReference; explicitFileType = wrapper.framework; includeInIndex = 0; path = Pods_NotesApp.framework; sourceTree = BUILT_PRODUCTS_DIR; };
		AFEE54E9182AFD183FF8F65E /* Pods-NotesApp.release.xcconfig */ = {isa = PBXFileReference; includeInIndex = 1; lastKnownFileType = text.xcconfig; name = "Pods-NotesApp.release.xcconfig"; path = "Target Support Files/Pods-NotesApp/Pods-NotesApp.release.xcconfig"; sourceTree = "<group>"; };
		CC4F1A8F2DA7DF4762F4F701 /* Pods-NotesApp.debug.xcconfig */ = {isa = PBXFileReference; includeInIndex = 1; lastKnownFileType = text.xcconfig; name = "Pods-NotesApp.debug.xcconfig"; path = "Target Support Files/Pods-NotesApp/Pods-NotesApp.debug.xcconfig"; sourceTree = "<group>"; };
		DC685500D6446924D64A39E2 /* Pods_Tests.framework */ = {isa = PBXFileReference; explicitFileType = wrapper.framework; includeInIndex = 0; path = Pods_Tests.framework; sourceTree = BUILT_PRODUCTS_DIR; };
		DE04FBD2288F2F2B00BEC769 /* absl.framework */ = {isa = PBXFileReference; explicitFileType = wrapper.framework; path = absl.framework; sourceTree = BUILT_PRODUCTS_DIR; };
		DE04FBD4288F2F2B00BEC769 /* openssl_grpc.framework */ = {isa = PBXFileReference; explicitFileType = wrapper.framework; path = openssl_grpc.framework; sourceTree = BUILT_PRODUCTS_DIR; };
		DE04FBD6288F2F2B00BEC769 /* FirebaseAppCheckInterop.framework */ = {isa = PBXFileReference; explicitFileType = wrapper.framework; path = FirebaseAppCheckInterop.framework; sourceTree = BUILT_PRODUCTS_DIR; };
		DE04FBD8288F2F2B00BEC769 /* FirebaseAuth.framework */ = {isa = PBXFileReference; explicitFileType = wrapper.framework; path = FirebaseAuth.framework; sourceTree = BUILT_PRODUCTS_DIR; };
		DE04FBDA288F2F2B00BEC769 /* FirebaseAuthInterop.framework */ = {isa = PBXFileReference; explicitFileType = wrapper.framework; path = FirebaseAuthInterop.framework; sourceTree = BUILT_PRODUCTS_DIR; };
		DE04FBDC288F2F2B00BEC769 /* FirebaseCore.framework */ = {isa = PBXFileReference; explicitFileType = wrapper.framework; path = FirebaseCore.framework; sourceTree = BUILT_PRODUCTS_DIR; };
		DE04FBDE288F2F2B00BEC769 /* FirebaseCoreDiagnostics.framework */ = {isa = PBXFileReference; explicitFileType = wrapper.framework; path = FirebaseCoreDiagnostics.framework; sourceTree = BUILT_PRODUCTS_DIR; };
		DE04FBE0288F2F2B00BEC769 /* FirebaseCoreExtension.framework */ = {isa = PBXFileReference; explicitFileType = wrapper.framework; path = FirebaseCoreExtension.framework; sourceTree = BUILT_PRODUCTS_DIR; };
		DE04FBE2288F2F2B00BEC769 /* FirebaseCoreInternal.framework */ = {isa = PBXFileReference; explicitFileType = wrapper.framework; path = FirebaseCoreInternal.framework; sourceTree = BUILT_PRODUCTS_DIR; };
		DE04FBE4288F2F2B00BEC769 /* FirebaseFirestore.framework */ = {isa = PBXFileReference; explicitFileType = wrapper.framework; path = FirebaseFirestore.framework; sourceTree = BUILT_PRODUCTS_DIR; };
		DE04FBE6288F2F2B00BEC769 /* FirebaseStorage.framework */ = {isa = PBXFileReference; explicitFileType = wrapper.framework; path = FirebaseStorage.framework; sourceTree = BUILT_PRODUCTS_DIR; };
		DE04FBE8288F2F2B00BEC769 /* FirebaseStorageInternal.framework */ = {isa = PBXFileReference; explicitFileType = wrapper.framework; path = FirebaseStorageInternal.framework; sourceTree = BUILT_PRODUCTS_DIR; };
		DE04FBEA288F2F2B00BEC769 /* GoogleDataTransport.framework */ = {isa = PBXFileReference; explicitFileType = wrapper.framework; path = GoogleDataTransport.framework; sourceTree = BUILT_PRODUCTS_DIR; };
		DE04FBEC288F2F2B00BEC769 /* GoogleUtilities.framework */ = {isa = PBXFileReference; explicitFileType = wrapper.framework; path = GoogleUtilities.framework; sourceTree = BUILT_PRODUCTS_DIR; };
		DE04FBEE288F2F2B00BEC769 /* grpcpp.framework */ = {isa = PBXFileReference; explicitFileType = wrapper.framework; path = grpcpp.framework; sourceTree = BUILT_PRODUCTS_DIR; };
		DE04FBF0288F2F2B00BEC769 /* grpc.framework */ = {isa = PBXFileReference; explicitFileType = wrapper.framework; path = grpc.framework; sourceTree = BUILT_PRODUCTS_DIR; };
		DE04FBF2288F2F2B00BEC769 /* GTMSessionFetcher.framework */ = {isa = PBXFileReference; explicitFileType = wrapper.framework; path = GTMSessionFetcher.framework; sourceTree = BUILT_PRODUCTS_DIR; };
		DE04FBF4288F2F2B00BEC769 /* leveldb.framework */ = {isa = PBXFileReference; explicitFileType = wrapper.framework; path = leveldb.framework; sourceTree = BUILT_PRODUCTS_DIR; };
		DE04FBF6288F2F2B00BEC769 /* uv.framework */ = {isa = PBXFileReference; explicitFileType = wrapper.framework; path = uv.framework; sourceTree = BUILT_PRODUCTS_DIR; };
		DE04FBF8288F2F2B00BEC769 /* nanopb.framework */ = {isa = PBXFileReference; explicitFileType = wrapper.framework; path = nanopb.framework; sourceTree = BUILT_PRODUCTS_DIR; };
		DE04FBFA288F2F2B00BEC769 /* Pods_NotesApp.framework */ = {isa = PBXFileReference; explicitFileType = wrapper.framework; path = Pods_NotesApp.framework; sourceTree = BUILT_PRODUCTS_DIR; };
		DE04FBFC288F2F2B00BEC769 /* FBLPromises.framework */ = {isa = PBXFileReference; explicitFileType = wrapper.framework; path = FBLPromises.framework; sourceTree = BUILT_PRODUCTS_DIR; };
		DE04FBFE288F2F7900BEC769 /* libswiftDarwin.tbd */ = {isa = PBXFileReference; lastKnownFileType = "sourcecode.text-based-dylib-definition"; name = libswiftDarwin.tbd; path = Platforms/MacOSX.platform/Developer/SDKs/MacOSX12.3.sdk/usr/lib/swift/libswiftDarwin.tbd; sourceTree = DEVELOPER_DIR; };
		DE04FBFF288F2F7900BEC769 /* libsystem_darwin.tbd */ = {isa = PBXFileReference; lastKnownFileType = "sourcecode.text-based-dylib-definition"; name = libsystem_darwin.tbd; path = Platforms/MacOSX.platform/Developer/SDKs/MacOSX12.3.sdk/usr/lib/system/libsystem_darwin.tbd; sourceTree = DEVELOPER_DIR; };
		DE0B8C7328EB49DD0001A68A /* NotesTableView.xib */ = {isa = PBXFileReference; fileEncoding = 4; lastKnownFileType = file.xib; path = NotesTableView.xib; sourceTree = "<group>"; };
		DE1F0E4428F764590078917B /* Base */ = {isa = PBXFileReference; lastKnownFileType = file.xib; name = Base; path = Base.lproj/AuthorizationView.xib; sourceTree = "<group>"; };
		DE1F0E4928F764740078917B /* ru */ = {isa = PBXFileReference; lastKnownFileType = text.plist.strings; name = ru; path = ru.lproj/AuthorizationView.strings; sourceTree = "<group>"; };
		DE1F0E4B28F764FD0078917B /* Base */ = {isa = PBXFileReference; lastKnownFileType = file.xib; name = Base; path = Base.lproj/WEBView.xib; sourceTree = "<group>"; };
		DE1F0E4E28F7650B0078917B /* ru */ = {isa = PBXFileReference; lastKnownFileType = text.plist.strings; name = ru; path = ru.lproj/WEBView.strings; sourceTree = "<group>"; };
		DE2A6B5328DA5B88001C119B /* UIUserInterfaceStyle+title.swift */ = {isa = PBXFileReference; lastKnownFileType = sourcecode.swift; path = "UIUserInterfaceStyle+title.swift"; sourceTree = "<group>"; };
		DE2F6B26291522C50014C9A8 /* CommonMockClasses.swift */ = {isa = PBXFileReference; fileEncoding = 4; lastKnownFileType = sourcecode.swift; path = CommonMockClasses.swift; sourceTree = "<group>"; };
		DE2F6B27291522C50014C9A8 /* NotesPresenterTest.swift */ = {isa = PBXFileReference; fileEncoding = 4; lastKnownFileType = sourcecode.swift; path = NotesPresenterTest.swift; sourceTree = "<group>"; };
		DE4B005728F728B600E6C1D9 /* ru */ = {isa = PBXFileReference; lastKnownFileType = text.plist.strings; name = ru; path = ru.lproj/Authorization.strings; sourceTree = "<group>"; };
		DE4B005828F728B600E6C1D9 /* ru */ = {isa = PBXFileReference; lastKnownFileType = text.plist.strings; name = ru; path = ru.lproj/Settings.strings; sourceTree = "<group>"; };
		DE4B005928F728B700E6C1D9 /* ru */ = {isa = PBXFileReference; lastKnownFileType = text.plist.strings; name = ru; path = ru.lproj/WEB.strings; sourceTree = "<group>"; };
		DE4B005A28F728B700E6C1D9 /* ru */ = {isa = PBXFileReference; lastKnownFileType = text.plist.strings; name = ru; path = ru.lproj/NotesTable.strings; sourceTree = "<group>"; };
		DE4B005B28F72D4C00E6C1D9 /* TableNames.swift */ = {isa = PBXFileReference; lastKnownFileType = sourcecode.swift; path = TableNames.swift; sourceTree = "<group>"; };
		DE4B006228F7334200E6C1D9 /* ru */ = {isa = PBXFileReference; lastKnownFileType = text.plist.strings; name = ru; path = ru.lproj/TabBar.strings; sourceTree = "<group>"; };
		DE4CA9D72884BCE700924D66 /* ModulesBuilder.swift */ = {isa = PBXFileReference; lastKnownFileType = sourcecode.swift; path = ModulesBuilder.swift; sourceTree = "<group>"; };
		DE4CA9DC2884BDC000924D66 /* NotesTablePresenter.swift */ = {isa = PBXFileReference; lastKnownFileType = sourcecode.swift; path = NotesTablePresenter.swift; sourceTree = "<group>"; };
		DE4CA9DE2884C08600924D66 /* NotesTableViewController.swift */ = {isa = PBXFileReference; lastKnownFileType = sourcecode.swift; path = NotesTableViewController.swift; sourceTree = "<group>"; };
		DE61937428EB50C90002CB8B /* NotesTableViewCell.xib */ = {isa = PBXFileReference; fileEncoding = 4; lastKnownFileType = file.xib; path = NotesTableViewCell.xib; sourceTree = "<group>"; };
		DE622AD3290DCF9D00F7EC58 /* NotesAppTests.xctest */ = {isa = PBXFileReference; explicitFileType = wrapper.cfbundle; includeInIndex = 0; path = NotesAppTests.xctest; sourceTree = BUILT_PRODUCTS_DIR; };
		DE7470DA28D740EF0088771E /* ButtonTableViewCell.swift */ = {isa = PBXFileReference; lastKnownFileType = sourcecode.swift; path = ButtonTableViewCell.swift; sourceTree = "<group>"; };
		DE7A9067291526A700C62C03 /* DetailPresenterTest.swift */ = {isa = PBXFileReference; fileEncoding = 4; lastKnownFileType = sourcecode.swift; path = DetailPresenterTest.swift; sourceTree = "<group>"; };
		DE8155F32885B6AE00A9E9AA /* DetailPresenter.swift */ = {isa = PBXFileReference; lastKnownFileType = sourcecode.swift; path = DetailPresenter.swift; sourceTree = "<group>"; };
		DE8155F52885B82500A9E9AA /* DetailViewController.swift */ = {isa = PBXFileReference; lastKnownFileType = sourcecode.swift; path = DetailViewController.swift; sourceTree = "<group>"; };
		DE81561A2885CEAF00A9E9AA /* absl.framework */ = {isa = PBXFileReference; explicitFileType = wrapper.framework; path = absl.framework; sourceTree = BUILT_PRODUCTS_DIR; };
		DE81561C2885CEAF00A9E9AA /* openssl_grpc.framework */ = {isa = PBXFileReference; explicitFileType = wrapper.framework; path = openssl_grpc.framework; sourceTree = BUILT_PRODUCTS_DIR; };
		DE81561E2885CEAF00A9E9AA /* FirebaseAppCheckInterop.framework */ = {isa = PBXFileReference; explicitFileType = wrapper.framework; path = FirebaseAppCheckInterop.framework; sourceTree = BUILT_PRODUCTS_DIR; };
		DE8156202885CEAF00A9E9AA /* FirebaseAuth.framework */ = {isa = PBXFileReference; explicitFileType = wrapper.framework; path = FirebaseAuth.framework; sourceTree = BUILT_PRODUCTS_DIR; };
		DE8156222885CEAF00A9E9AA /* FirebaseAuthInterop.framework */ = {isa = PBXFileReference; explicitFileType = wrapper.framework; path = FirebaseAuthInterop.framework; sourceTree = BUILT_PRODUCTS_DIR; };
		DE8156242885CEAF00A9E9AA /* FirebaseCore.framework */ = {isa = PBXFileReference; explicitFileType = wrapper.framework; path = FirebaseCore.framework; sourceTree = BUILT_PRODUCTS_DIR; };
		DE8156262885CEAF00A9E9AA /* FirebaseCoreDiagnostics.framework */ = {isa = PBXFileReference; explicitFileType = wrapper.framework; path = FirebaseCoreDiagnostics.framework; sourceTree = BUILT_PRODUCTS_DIR; };
		DE8156282885CEAF00A9E9AA /* FirebaseCoreExtension.framework */ = {isa = PBXFileReference; explicitFileType = wrapper.framework; path = FirebaseCoreExtension.framework; sourceTree = BUILT_PRODUCTS_DIR; };
		DE81562A2885CEAF00A9E9AA /* FirebaseCoreInternal.framework */ = {isa = PBXFileReference; explicitFileType = wrapper.framework; path = FirebaseCoreInternal.framework; sourceTree = BUILT_PRODUCTS_DIR; };
		DE81562C2885CEAF00A9E9AA /* FirebaseFirestore.framework */ = {isa = PBXFileReference; explicitFileType = wrapper.framework; path = FirebaseFirestore.framework; sourceTree = BUILT_PRODUCTS_DIR; };
		DE81562E2885CEAF00A9E9AA /* FirebaseStorage.framework */ = {isa = PBXFileReference; explicitFileType = wrapper.framework; path = FirebaseStorage.framework; sourceTree = BUILT_PRODUCTS_DIR; };
		DE8156302885CEAF00A9E9AA /* FirebaseStorageInternal.framework */ = {isa = PBXFileReference; explicitFileType = wrapper.framework; path = FirebaseStorageInternal.framework; sourceTree = BUILT_PRODUCTS_DIR; };
		DE8156322885CEAF00A9E9AA /* GoogleDataTransport.framework */ = {isa = PBXFileReference; explicitFileType = wrapper.framework; path = GoogleDataTransport.framework; sourceTree = BUILT_PRODUCTS_DIR; };
		DE8156342885CEAF00A9E9AA /* GoogleUtilities.framework */ = {isa = PBXFileReference; explicitFileType = wrapper.framework; path = GoogleUtilities.framework; sourceTree = BUILT_PRODUCTS_DIR; };
		DE8156362885CEAF00A9E9AA /* grpcpp.framework */ = {isa = PBXFileReference; explicitFileType = wrapper.framework; path = grpcpp.framework; sourceTree = BUILT_PRODUCTS_DIR; };
		DE8156382885CEAF00A9E9AA /* grpc.framework */ = {isa = PBXFileReference; explicitFileType = wrapper.framework; path = grpc.framework; sourceTree = BUILT_PRODUCTS_DIR; };
		DE81563A2885CEAF00A9E9AA /* GTMSessionFetcher.framework */ = {isa = PBXFileReference; explicitFileType = wrapper.framework; path = GTMSessionFetcher.framework; sourceTree = BUILT_PRODUCTS_DIR; };
		DE81563C2885CEAF00A9E9AA /* leveldb.framework */ = {isa = PBXFileReference; explicitFileType = wrapper.framework; path = leveldb.framework; sourceTree = BUILT_PRODUCTS_DIR; };
		DE81563E2885CEAF00A9E9AA /* uv.framework */ = {isa = PBXFileReference; explicitFileType = wrapper.framework; path = uv.framework; sourceTree = BUILT_PRODUCTS_DIR; };
		DE8156402885CEAF00A9E9AA /* nanopb.framework */ = {isa = PBXFileReference; explicitFileType = wrapper.framework; path = nanopb.framework; sourceTree = BUILT_PRODUCTS_DIR; };
		DE8156442885CEAF00A9E9AA /* FBLPromises.framework */ = {isa = PBXFileReference; explicitFileType = wrapper.framework; path = FBLPromises.framework; sourceTree = BUILT_PRODUCTS_DIR; };
		DE8156472885D08D00A9E9AA /* Pods_NotesApp.framework */ = {isa = PBXFileReference; explicitFileType = wrapper.framework; path = Pods_NotesApp.framework; sourceTree = BUILT_PRODUCTS_DIR; };
		DE8156532885D28A00A9E9AA /* Pods_NotesApp.framework */ = {isa = PBXFileReference; explicitFileType = wrapper.framework; path = Pods_NotesApp.framework; sourceTree = BUILT_PRODUCTS_DIR; };
		DE81565B2885D4F200A9E9AA /* Pods_NotesApp.framework */ = {isa = PBXFileReference; explicitFileType = wrapper.framework; path = Pods_NotesApp.framework; sourceTree = BUILT_PRODUCTS_DIR; };
		DE81565D2885D53500A9E9AA /* absl.framework */ = {isa = PBXFileReference; explicitFileType = wrapper.framework; path = absl.framework; sourceTree = BUILT_PRODUCTS_DIR; };
		DE81565F2885D53500A9E9AA /* openssl_grpc.framework */ = {isa = PBXFileReference; explicitFileType = wrapper.framework; path = openssl_grpc.framework; sourceTree = BUILT_PRODUCTS_DIR; };
		DE8156612885D53500A9E9AA /* FirebaseAppCheckInterop.framework */ = {isa = PBXFileReference; explicitFileType = wrapper.framework; path = FirebaseAppCheckInterop.framework; sourceTree = BUILT_PRODUCTS_DIR; };
		DE8156632885D53500A9E9AA /* FirebaseAuth.framework */ = {isa = PBXFileReference; explicitFileType = wrapper.framework; path = FirebaseAuth.framework; sourceTree = BUILT_PRODUCTS_DIR; };
		DE8156652885D53500A9E9AA /* FirebaseAuthInterop.framework */ = {isa = PBXFileReference; explicitFileType = wrapper.framework; path = FirebaseAuthInterop.framework; sourceTree = BUILT_PRODUCTS_DIR; };
		DE8156672885D53500A9E9AA /* FirebaseCore.framework */ = {isa = PBXFileReference; explicitFileType = wrapper.framework; path = FirebaseCore.framework; sourceTree = BUILT_PRODUCTS_DIR; };
		DE8156692885D53500A9E9AA /* FirebaseCoreDiagnostics.framework */ = {isa = PBXFileReference; explicitFileType = wrapper.framework; path = FirebaseCoreDiagnostics.framework; sourceTree = BUILT_PRODUCTS_DIR; };
		DE81566B2885D53500A9E9AA /* FirebaseCoreExtension.framework */ = {isa = PBXFileReference; explicitFileType = wrapper.framework; path = FirebaseCoreExtension.framework; sourceTree = BUILT_PRODUCTS_DIR; };
		DE81566D2885D53500A9E9AA /* FirebaseCoreInternal.framework */ = {isa = PBXFileReference; explicitFileType = wrapper.framework; path = FirebaseCoreInternal.framework; sourceTree = BUILT_PRODUCTS_DIR; };
		DE81566F2885D53500A9E9AA /* FirebaseFirestore.framework */ = {isa = PBXFileReference; explicitFileType = wrapper.framework; path = FirebaseFirestore.framework; sourceTree = BUILT_PRODUCTS_DIR; };
		DE8156712885D53500A9E9AA /* FirebaseStorage.framework */ = {isa = PBXFileReference; explicitFileType = wrapper.framework; path = FirebaseStorage.framework; sourceTree = BUILT_PRODUCTS_DIR; };
		DE8156732885D53500A9E9AA /* FirebaseStorageInternal.framework */ = {isa = PBXFileReference; explicitFileType = wrapper.framework; path = FirebaseStorageInternal.framework; sourceTree = BUILT_PRODUCTS_DIR; };
		DE8156752885D53500A9E9AA /* GoogleDataTransport.framework */ = {isa = PBXFileReference; explicitFileType = wrapper.framework; path = GoogleDataTransport.framework; sourceTree = BUILT_PRODUCTS_DIR; };
		DE8156772885D53500A9E9AA /* GoogleUtilities.framework */ = {isa = PBXFileReference; explicitFileType = wrapper.framework; path = GoogleUtilities.framework; sourceTree = BUILT_PRODUCTS_DIR; };
		DE8156792885D53500A9E9AA /* grpcpp.framework */ = {isa = PBXFileReference; explicitFileType = wrapper.framework; path = grpcpp.framework; sourceTree = BUILT_PRODUCTS_DIR; };
		DE81567B2885D53500A9E9AA /* grpc.framework */ = {isa = PBXFileReference; explicitFileType = wrapper.framework; path = grpc.framework; sourceTree = BUILT_PRODUCTS_DIR; };
		DE81567D2885D53500A9E9AA /* GTMSessionFetcher.framework */ = {isa = PBXFileReference; explicitFileType = wrapper.framework; path = GTMSessionFetcher.framework; sourceTree = BUILT_PRODUCTS_DIR; };
		DE81567F2885D53500A9E9AA /* leveldb.framework */ = {isa = PBXFileReference; explicitFileType = wrapper.framework; path = leveldb.framework; sourceTree = BUILT_PRODUCTS_DIR; };
		DE8156812885D53500A9E9AA /* uv.framework */ = {isa = PBXFileReference; explicitFileType = wrapper.framework; path = uv.framework; sourceTree = BUILT_PRODUCTS_DIR; };
		DE8156832885D53500A9E9AA /* nanopb.framework */ = {isa = PBXFileReference; explicitFileType = wrapper.framework; path = nanopb.framework; sourceTree = BUILT_PRODUCTS_DIR; };
		DE8156852885D53500A9E9AA /* Pods_NotesApp.framework */ = {isa = PBXFileReference; explicitFileType = wrapper.framework; path = Pods_NotesApp.framework; sourceTree = BUILT_PRODUCTS_DIR; };
		DE8156872885D53500A9E9AA /* FBLPromises.framework */ = {isa = PBXFileReference; explicitFileType = wrapper.framework; path = FBLPromises.framework; sourceTree = BUILT_PRODUCTS_DIR; };
		DE87635228D7A0F700828110 /* SegmenedTableViewCell.swift */ = {isa = PBXFileReference; lastKnownFileType = sourcecode.swift; path = SegmenedTableViewCell.swift; sourceTree = "<group>"; };
		DE952D282891C69600F703A7 /* absl.framework */ = {isa = PBXFileReference; explicitFileType = wrapper.framework; path = absl.framework; sourceTree = BUILT_PRODUCTS_DIR; };
		DE952D2B2891C6A200F703A7 /* absl.framework */ = {isa = PBXFileReference; explicitFileType = wrapper.framework; path = absl.framework; sourceTree = BUILT_PRODUCTS_DIR; };
		DE952D2C2891C6A200F703A7 /* openssl_grpc.framework */ = {isa = PBXFileReference; explicitFileType = wrapper.framework; path = openssl_grpc.framework; sourceTree = BUILT_PRODUCTS_DIR; };
		DE952D2D2891C6A200F703A7 /* FirebaseAppCheckInterop.framework */ = {isa = PBXFileReference; explicitFileType = wrapper.framework; path = FirebaseAppCheckInterop.framework; sourceTree = BUILT_PRODUCTS_DIR; };
		DE952D2E2891C6A200F703A7 /* FirebaseAuth.framework */ = {isa = PBXFileReference; explicitFileType = wrapper.framework; path = FirebaseAuth.framework; sourceTree = BUILT_PRODUCTS_DIR; };
		DE952D2F2891C6A200F703A7 /* FirebaseAuthInterop.framework */ = {isa = PBXFileReference; explicitFileType = wrapper.framework; path = FirebaseAuthInterop.framework; sourceTree = BUILT_PRODUCTS_DIR; };
		DE952D302891C6A200F703A7 /* FirebaseCore.framework */ = {isa = PBXFileReference; explicitFileType = wrapper.framework; path = FirebaseCore.framework; sourceTree = BUILT_PRODUCTS_DIR; };
		DE952D312891C6A200F703A7 /* FirebaseCoreDiagnostics.framework */ = {isa = PBXFileReference; explicitFileType = wrapper.framework; path = FirebaseCoreDiagnostics.framework; sourceTree = BUILT_PRODUCTS_DIR; };
		DE952D322891C6A200F703A7 /* FirebaseCoreExtension.framework */ = {isa = PBXFileReference; explicitFileType = wrapper.framework; path = FirebaseCoreExtension.framework; sourceTree = BUILT_PRODUCTS_DIR; };
		DE952D332891C6A200F703A7 /* FirebaseCoreInternal.framework */ = {isa = PBXFileReference; explicitFileType = wrapper.framework; path = FirebaseCoreInternal.framework; sourceTree = BUILT_PRODUCTS_DIR; };
		DE952D342891C6A200F703A7 /* FirebaseFirestore.framework */ = {isa = PBXFileReference; explicitFileType = wrapper.framework; path = FirebaseFirestore.framework; sourceTree = BUILT_PRODUCTS_DIR; };
		DE952D352891C6A200F703A7 /* FirebaseStorage.framework */ = {isa = PBXFileReference; explicitFileType = wrapper.framework; path = FirebaseStorage.framework; sourceTree = BUILT_PRODUCTS_DIR; };
		DE952D362891C6A200F703A7 /* FirebaseStorageInternal.framework */ = {isa = PBXFileReference; explicitFileType = wrapper.framework; path = FirebaseStorageInternal.framework; sourceTree = BUILT_PRODUCTS_DIR; };
		DE952D372891C6A200F703A7 /* GoogleDataTransport.framework */ = {isa = PBXFileReference; explicitFileType = wrapper.framework; path = GoogleDataTransport.framework; sourceTree = BUILT_PRODUCTS_DIR; };
		DE952D382891C6A200F703A7 /* GoogleUtilities.framework */ = {isa = PBXFileReference; explicitFileType = wrapper.framework; path = GoogleUtilities.framework; sourceTree = BUILT_PRODUCTS_DIR; };
		DE952D392891C6A200F703A7 /* grpcpp.framework */ = {isa = PBXFileReference; explicitFileType = wrapper.framework; path = grpcpp.framework; sourceTree = BUILT_PRODUCTS_DIR; };
		DE952D3A2891C6A200F703A7 /* gRPCCertificates-Cpp.bundle */ = {isa = PBXFileReference; explicitFileType = wrapper.cfbundle; path = "gRPCCertificates-Cpp.bundle"; sourceTree = BUILT_PRODUCTS_DIR; };
		DE952D3B2891C6A200F703A7 /* grpc.framework */ = {isa = PBXFileReference; explicitFileType = wrapper.framework; path = grpc.framework; sourceTree = BUILT_PRODUCTS_DIR; };
		DE952D3C2891C6A200F703A7 /* GTMSessionFetcher.framework */ = {isa = PBXFileReference; explicitFileType = wrapper.framework; path = GTMSessionFetcher.framework; sourceTree = BUILT_PRODUCTS_DIR; };
		DE952D3D2891C6A200F703A7 /* leveldb.framework */ = {isa = PBXFileReference; explicitFileType = wrapper.framework; path = leveldb.framework; sourceTree = BUILT_PRODUCTS_DIR; };
		DE952D3E2891C6A200F703A7 /* uv.framework */ = {isa = PBXFileReference; explicitFileType = wrapper.framework; path = uv.framework; sourceTree = BUILT_PRODUCTS_DIR; };
		DE952D3F2891C6A200F703A7 /* nanopb.framework */ = {isa = PBXFileReference; explicitFileType = wrapper.framework; path = nanopb.framework; sourceTree = BUILT_PRODUCTS_DIR; };
		DE952D402891C6A200F703A7 /* Pods_NotesApp.framework */ = {isa = PBXFileReference; explicitFileType = wrapper.framework; path = Pods_NotesApp.framework; sourceTree = BUILT_PRODUCTS_DIR; };
		DE952D412891C6A200F703A7 /* FBLPromises.framework */ = {isa = PBXFileReference; explicitFileType = wrapper.framework; path = FBLPromises.framework; sourceTree = BUILT_PRODUCTS_DIR; };
		DE99589828DF2A7F00361A5B /* UITableView+cellManagment.swift */ = {isa = PBXFileReference; lastKnownFileType = sourcecode.swift; path = "UITableView+cellManagment.swift"; sourceTree = "<group>"; };
		DE99589A28DF4D1700361A5B /* UItableViewCell+identefier.swift */ = {isa = PBXFileReference; lastKnownFileType = sourcecode.swift; path = "UItableViewCell+identefier.swift"; sourceTree = "<group>"; };
		DE9BC35728672A70005EADF8 /* RegistrationModule.swift */ = {isa = PBXFileReference; lastKnownFileType = sourcecode.swift; path = RegistrationModule.swift; sourceTree = "<group>"; };
		DE9BC35928672BA3005EADF8 /* FilesModule.swift */ = {isa = PBXFileReference; lastKnownFileType = sourcecode.swift; path = FilesModule.swift; sourceTree = "<group>"; };
		DE9F8DA627DA428C001852C3 /* TabBarController.swift */ = {isa = PBXFileReference; lastKnownFileType = sourcecode.swift; path = TabBarController.swift; sourceTree = "<group>"; };
		DE9F8DA927DA43A3001852C3 /* AppSettings.swift */ = {isa = PBXFileReference; lastKnownFileType = sourcecode.swift; path = AppSettings.swift; sourceTree = "<group>"; };
		DEAB78DE28970C9E00BF0A9C /* WEBPresenter.swift */ = {isa = PBXFileReference; lastKnownFileType = sourcecode.swift; path = WEBPresenter.swift; sourceTree = "<group>"; };
		DEAB78E02897151C00BF0A9C /* WEBViewController.swift */ = {isa = PBXFileReference; lastKnownFileType = sourcecode.swift; path = WEBViewController.swift; sourceTree = "<group>"; };
		DEC36C3028EB4A6100516459 /* DetailView.xib */ = {isa = PBXFileReference; fileEncoding = 4; lastKnownFileType = file.xib; path = DetailView.xib; sourceTree = "<group>"; };
		DEC36C3228EB4CBA00516459 /* SearchController.swift */ = {isa = PBXFileReference; lastKnownFileType = sourcecode.swift; path = SearchController.swift; sourceTree = "<group>"; };
		DEC36C3428EB4D2600516459 /* NotesTableViewCell.swift */ = {isa = PBXFileReference; lastKnownFileType = sourcecode.swift; path = NotesTableViewCell.swift; sourceTree = "<group>"; };
		DECAB65228F22F0C00D1C60C /* FireAuthNotifName+NotifName.swift */ = {isa = PBXFileReference; lastKnownFileType = sourcecode.swift; path = "FireAuthNotifName+NotifName.swift"; sourceTree = "<group>"; };
		DEDA5CDE28953B98005E4E65 /* SettingsTableViewController.swift */ = {isa = PBXFileReference; lastKnownFileType = sourcecode.swift; path = SettingsTableViewController.swift; sourceTree = "<group>"; };
		DEDA5CE228953BB5005E4E65 /* SettingsPresenter.swift */ = {isa = PBXFileReference; lastKnownFileType = sourcecode.swift; path = SettingsPresenter.swift; sourceTree = "<group>"; };
		DEDD854A279317400075D525 /* NotesApp.app */ = {isa = PBXFileReference; explicitFileType = wrapper.application; includeInIndex = 0; path = NotesApp.app; sourceTree = BUILT_PRODUCTS_DIR; };
		DEDD854D279317400075D525 /* AppDelegate.swift */ = {isa = PBXFileReference; lastKnownFileType = sourcecode.swift; path = AppDelegate.swift; sourceTree = "<group>"; };
		DEDD854F279317400075D525 /* SceneDelegate.swift */ = {isa = PBXFileReference; lastKnownFileType = sourcecode.swift; path = SceneDelegate.swift; sourceTree = "<group>"; };
		DEDD8556279317420075D525 /* Assets.xcassets */ = {isa = PBXFileReference; lastKnownFileType = folder.assetcatalog; path = Assets.xcassets; sourceTree = "<group>"; };
		DEDD8559279317420075D525 /* Base */ = {isa = PBXFileReference; lastKnownFileType = file.storyboard; name = Base; path = Base.lproj/LaunchScreen.storyboard; sourceTree = "<group>"; };
		DEDD855B279317420075D525 /* Info.plist */ = {isa = PBXFileReference; lastKnownFileType = text.plist.xml; path = Info.plist; sourceTree = "<group>"; };
		DEDD8561279319120075D525 /* GoogleService-Info.plist */ = {isa = PBXFileReference; fileEncoding = 4; lastKnownFileType = text.plist.xml; path = "GoogleService-Info.plist"; sourceTree = "<group>"; };
		DEDD856427931C510075D525 /* Note.swift */ = {isa = PBXFileReference; lastKnownFileType = sourcecode.swift; path = Note.swift; sourceTree = "<group>"; };
		DEDD856627931C830075D525 /* APIManager.swift */ = {isa = PBXFileReference; lastKnownFileType = sourcecode.swift; path = APIManager.swift; sourceTree = "<group>"; wrapsLines = 0; };
		DEF58CFB28EA35EA00A74347 /* AuthorizationPresenter.swift */ = {isa = PBXFileReference; fileEncoding = 4; lastKnownFileType = sourcecode.swift; path = AuthorizationPresenter.swift; sourceTree = "<group>"; };
		DEF58CFE28EA35EA00A74347 /* AuthorizationViewController.swift */ = {isa = PBXFileReference; fileEncoding = 4; lastKnownFileType = sourcecode.swift; path = AuthorizationViewController.swift; sourceTree = "<group>"; };
/* End PBXFileReference section */

/* Begin PBXFrameworksBuildPhase section */
		DE622AD0290DCF9D00F7EC58 /* Frameworks */ = {
			isa = PBXFrameworksBuildPhase;
			buildActionMask = 2147483647;
			files = (
			);
			runOnlyForDeploymentPostprocessing = 0;
		};
		DEDD8547279317400075D525 /* Frameworks */ = {
			isa = PBXFrameworksBuildPhase;
			buildActionMask = 2147483647;
			files = (
				DE952D6B2891C6A300F703A7 /* Pods_NotesApp.framework in Frameworks */,
			);
			runOnlyForDeploymentPostprocessing = 0;
		};
/* End PBXFrameworksBuildPhase section */

/* Begin PBXGroup section */
		5C26B664874D390B4534D8D1 /* Pods */ = {
			isa = PBXGroup;
			children = (
				CC4F1A8F2DA7DF4762F4F701 /* Pods-NotesApp.debug.xcconfig */,
				AFEE54E9182AFD183FF8F65E /* Pods-NotesApp.release.xcconfig */,
				3E2E642DDCA4F79316EB3164 /* Pods-Tests.debug.xcconfig */,
				17C7851A5B1C84E39C2F5F50 /* Pods-Tests.release.xcconfig */,
			);
			path = Pods;
			sourceTree = "<group>";
		};
		DE4B004028F7231400E6C1D9 /* Localozation */ = {
			isa = PBXGroup;
			children = (
				DE4B005B28F72D4C00E6C1D9 /* TableNames.swift */,
				DE4B005628F728A800E6C1D9 /* Authorization.strings */,
				DE4B005328F728A100E6C1D9 /* Settings.strings */,
				DE4B005028F7289E00E6C1D9 /* WEB.strings */,
				DE4B004628F7277A00E6C1D9 /* NotesTable.strings */,
				DE4B006128F7333E00E6C1D9 /* TabBar.strings */,
			);
			path = Localozation;
			sourceTree = "<group>";
		};
		DE4CA9D52884BCA200924D66 /* Modules */ = {
			isa = PBXGroup;
			children = (
				DEDA5CDB28953B4F005E4E65 /* SettingsModule */,
				DEAB78DB28970C5100BF0A9C /* WEBModule */,
				DEF58CF928EA35EA00A74347 /* AuthorizationModule */,
				DE4CA9D92884BDA100924D66 /* NotesTableModule */,
				DE8155F02885B68B00A9E9AA /* DetailModule */,
			);
			path = Modules;
			sourceTree = "<group>";
		};
		DE4CA9D92884BDA100924D66 /* NotesTableModule */ = {
			isa = PBXGroup;
			children = (
				DE4CA9DC2884BDC000924D66 /* NotesTablePresenter.swift */,
				DE4CA9DE2884C08600924D66 /* NotesTableViewController.swift */,
				DE0B8C7328EB49DD0001A68A /* NotesTableView.xib */,
				DEC36C3228EB4CBA00516459 /* SearchController.swift */,
				DEC36C3828EB509A00516459 /* Cell */,
			);
			path = NotesTableModule;
			sourceTree = "<group>";
		};
		DE622AD4290DCF9E00F7EC58 /* Tests */ = {
			isa = PBXGroup;
			children = (
				DE2F6B26291522C50014C9A8 /* CommonMockClasses.swift */,
				DE2F6B27291522C50014C9A8 /* NotesPresenterTest.swift */,
				DE7A9067291526A700C62C03 /* DetailPresenterTest.swift */,
			);
			path = Tests;
			sourceTree = "<group>";
		};
		DE8155F02885B68B00A9E9AA /* DetailModule */ = {
			isa = PBXGroup;
			children = (
				DE8155F32885B6AE00A9E9AA /* DetailPresenter.swift */,
				DE8155F52885B82500A9E9AA /* DetailViewController.swift */,
				DEC36C3028EB4A6100516459 /* DetailView.xib */,
			);
			path = DetailModule;
			sourceTree = "<group>";
		};
		DE8156512885D1CB00A9E9AA /* Recovered References */ = {
			isa = PBXGroup;
			children = (
				DE8156472885D08D00A9E9AA /* Pods_NotesApp.framework */,
			);
			name = "Recovered References";
			sourceTree = "<group>";
		};
		DE99589728DF2A5400361A5B /* Extensions */ = {
			isa = PBXGroup;
			children = (
				DE2A6B5328DA5B88001C119B /* UIUserInterfaceStyle+title.swift */,
				DE99589828DF2A7F00361A5B /* UITableView+cellManagment.swift */,
				DE99589A28DF4D1700361A5B /* UItableViewCell+identefier.swift */,
				DECAB65228F22F0C00D1C60C /* FireAuthNotifName+NotifName.swift */,
			);
			path = Extensions;
			sourceTree = "<group>";
		};
		DE9BC35628672A4F005EADF8 /* Modules */ = {
			isa = PBXGroup;
			children = (
				DE9BC35728672A70005EADF8 /* RegistrationModule.swift */,
				DE9BC35928672BA3005EADF8 /* FilesModule.swift */,
			);
			path = Modules;
			sourceTree = "<group>";
		};
		DE9F8DA827DA438A001852C3 /* Model */ = {
			isa = PBXGroup;
			children = (
				DEDD856427931C510075D525 /* Note.swift */,
			);
			path = Model;
			sourceTree = "<group>";
		};
		DEAB78DB28970C5100BF0A9C /* WEBModule */ = {
			isa = PBXGroup;
			children = (
				DEAB78DE28970C9E00BF0A9C /* WEBPresenter.swift */,
				DEAB78E02897151C00BF0A9C /* WEBViewController.swift */,
				DE1F0E4C28F764FD0078917B /* WEBView.xib */,
			);
			path = WEBModule;
			sourceTree = "<group>";
		};
		DEC36C3828EB509A00516459 /* Cell */ = {
			isa = PBXGroup;
			children = (
				DEC36C3428EB4D2600516459 /* NotesTableViewCell.swift */,
				DE61937428EB50C90002CB8B /* NotesTableViewCell.xib */,
			);
			path = Cell;
			sourceTree = "<group>";
		};
		DEDA5CDA28953A7B005E4E65 /* Services */ = {
			isa = PBXGroup;
			children = (
				DEDD856327931C410075D525 /* Firebase */,
				DE9F8DA927DA43A3001852C3 /* AppSettings.swift */,
			);
			path = Services;
			sourceTree = "<group>";
		};
		DEDA5CDB28953B4F005E4E65 /* SettingsModule */ = {
			isa = PBXGroup;
			children = (
				DEDA5CE228953BB5005E4E65 /* SettingsPresenter.swift */,
				DEDA5CDE28953B98005E4E65 /* SettingsTableViewController.swift */,
				DEDA5CDC28953B5E005E4E65 /* Cells */,
			);
			path = SettingsModule;
			sourceTree = "<group>";
		};
		DEDA5CDC28953B5E005E4E65 /* Cells */ = {
			isa = PBXGroup;
			children = (
				DE7470DA28D740EF0088771E /* ButtonTableViewCell.swift */,
				DE87635228D7A0F700828110 /* SegmenedTableViewCell.swift */,
			);
			path = Cells;
			sourceTree = "<group>";
		};
		DEDD8541279317400075D525 = {
			isa = PBXGroup;
			children = (
				DEDD854C279317400075D525 /* NotesApp */,
				DE622AD4290DCF9E00F7EC58 /* Tests */,
				DEDD854B279317400075D525 /* Products */,
				5C26B664874D390B4534D8D1 /* Pods */,
				E7918E2F91A67B14DE776260 /* Frameworks */,
				DE8156512885D1CB00A9E9AA /* Recovered References */,
			);
			sourceTree = "<group>";
		};
		DEDD854B279317400075D525 /* Products */ = {
			isa = PBXGroup;
			children = (
				DEDD854A279317400075D525 /* NotesApp.app */,
				DE622AD3290DCF9D00F7EC58 /* NotesAppTests.xctest */,
			);
			name = Products;
			sourceTree = "<group>";
		};
		DEDD854C279317400075D525 /* NotesApp */ = {
			isa = PBXGroup;
			children = (
				DEDD854D279317400075D525 /* AppDelegate.swift */,
				DEDD854F279317400075D525 /* SceneDelegate.swift */,
				DEDA5CDA28953A7B005E4E65 /* Services */,
				DE9F8DA827DA438A001852C3 /* Model */,
				DE9F8DA627DA428C001852C3 /* TabBarController.swift */,
				DE4CA9D72884BCE700924D66 /* ModulesBuilder.swift */,
				DE4CA9D52884BCA200924D66 /* Modules */,
				DE99589728DF2A5400361A5B /* Extensions */,
				DE4B004028F7231400E6C1D9 /* Localozation */,
				DEDD8556279317420075D525 /* Assets.xcassets */,
				DEDD8558279317420075D525 /* LaunchScreen.storyboard */,
				DEDD855B279317420075D525 /* Info.plist */,
				DEDD8561279319120075D525 /* GoogleService-Info.plist */,
			);
			path = NotesApp;
			sourceTree = "<group>";
		};
		DEDD856327931C410075D525 /* Firebase */ = {
			isa = PBXGroup;
			children = (
				DEDD856627931C830075D525 /* APIManager.swift */,
				DE9BC35628672A4F005EADF8 /* Modules */,
			);
			path = Firebase;
			sourceTree = "<group>";
		};
		DEF58CF928EA35EA00A74347 /* AuthorizationModule */ = {
			isa = PBXGroup;
			children = (
				DEF58CFB28EA35EA00A74347 /* AuthorizationPresenter.swift */,
				DEF58CFE28EA35EA00A74347 /* AuthorizationViewController.swift */,
				DE1F0E4528F764590078917B /* AuthorizationView.xib */,
			);
			path = AuthorizationModule;
			sourceTree = "<group>";
		};
		E7918E2F91A67B14DE776260 /* Frameworks */ = {
			isa = PBXGroup;
			children = (
				DE952D2B2891C6A200F703A7 /* absl.framework */,
				DE952D2C2891C6A200F703A7 /* openssl_grpc.framework */,
				DE952D2D2891C6A200F703A7 /* FirebaseAppCheckInterop.framework */,
				DE952D2E2891C6A200F703A7 /* FirebaseAuth.framework */,
				DE952D2F2891C6A200F703A7 /* FirebaseAuthInterop.framework */,
				DE952D302891C6A200F703A7 /* FirebaseCore.framework */,
				DE952D312891C6A200F703A7 /* FirebaseCoreDiagnostics.framework */,
				DE952D322891C6A200F703A7 /* FirebaseCoreExtension.framework */,
				DE952D332891C6A200F703A7 /* FirebaseCoreInternal.framework */,
				DE952D342891C6A200F703A7 /* FirebaseFirestore.framework */,
				DE952D352891C6A200F703A7 /* FirebaseStorage.framework */,
				DE952D362891C6A200F703A7 /* FirebaseStorageInternal.framework */,
				DE952D372891C6A200F703A7 /* GoogleDataTransport.framework */,
				DE952D382891C6A200F703A7 /* GoogleUtilities.framework */,
				DE952D392891C6A200F703A7 /* grpcpp.framework */,
				DE952D3A2891C6A200F703A7 /* gRPCCertificates-Cpp.bundle */,
				DE952D3B2891C6A200F703A7 /* grpc.framework */,
				DE952D3C2891C6A200F703A7 /* GTMSessionFetcher.framework */,
				DE952D3D2891C6A200F703A7 /* leveldb.framework */,
				DE952D3E2891C6A200F703A7 /* uv.framework */,
				DE952D3F2891C6A200F703A7 /* nanopb.framework */,
				DE952D402891C6A200F703A7 /* Pods_NotesApp.framework */,
				DE952D412891C6A200F703A7 /* FBLPromises.framework */,
				DE952D282891C69600F703A7 /* absl.framework */,
				DE04FBFE288F2F7900BEC769 /* libswiftDarwin.tbd */,
				DE04FBFF288F2F7900BEC769 /* libsystem_darwin.tbd */,
				DE04FBD2288F2F2B00BEC769 /* absl.framework */,
				DE04FBD4288F2F2B00BEC769 /* openssl_grpc.framework */,
				DE04FBD6288F2F2B00BEC769 /* FirebaseAppCheckInterop.framework */,
				DE04FBD8288F2F2B00BEC769 /* FirebaseAuth.framework */,
				DE04FBDA288F2F2B00BEC769 /* FirebaseAuthInterop.framework */,
				DE04FBDC288F2F2B00BEC769 /* FirebaseCore.framework */,
				DE04FBDE288F2F2B00BEC769 /* FirebaseCoreDiagnostics.framework */,
				DE04FBE0288F2F2B00BEC769 /* FirebaseCoreExtension.framework */,
				DE04FBE2288F2F2B00BEC769 /* FirebaseCoreInternal.framework */,
				DE04FBE4288F2F2B00BEC769 /* FirebaseFirestore.framework */,
				DE04FBE6288F2F2B00BEC769 /* FirebaseStorage.framework */,
				DE04FBE8288F2F2B00BEC769 /* FirebaseStorageInternal.framework */,
				DE04FBEA288F2F2B00BEC769 /* GoogleDataTransport.framework */,
				DE04FBEC288F2F2B00BEC769 /* GoogleUtilities.framework */,
				DE04FBEE288F2F2B00BEC769 /* grpcpp.framework */,
				DE04FBF0288F2F2B00BEC769 /* grpc.framework */,
				DE04FBF2288F2F2B00BEC769 /* GTMSessionFetcher.framework */,
				DE04FBF4288F2F2B00BEC769 /* leveldb.framework */,
				DE04FBF6288F2F2B00BEC769 /* uv.framework */,
				DE04FBF8288F2F2B00BEC769 /* nanopb.framework */,
				DE04FBFA288F2F2B00BEC769 /* Pods_NotesApp.framework */,
				DE04FBFC288F2F2B00BEC769 /* FBLPromises.framework */,
				DE81565D2885D53500A9E9AA /* absl.framework */,
				DE81565F2885D53500A9E9AA /* openssl_grpc.framework */,
				DE8156612885D53500A9E9AA /* FirebaseAppCheckInterop.framework */,
				DE8156632885D53500A9E9AA /* FirebaseAuth.framework */,
				DE8156652885D53500A9E9AA /* FirebaseAuthInterop.framework */,
				DE8156672885D53500A9E9AA /* FirebaseCore.framework */,
				DE8156692885D53500A9E9AA /* FirebaseCoreDiagnostics.framework */,
				DE81566B2885D53500A9E9AA /* FirebaseCoreExtension.framework */,
				DE81566D2885D53500A9E9AA /* FirebaseCoreInternal.framework */,
				DE81566F2885D53500A9E9AA /* FirebaseFirestore.framework */,
				DE8156712885D53500A9E9AA /* FirebaseStorage.framework */,
				DE8156732885D53500A9E9AA /* FirebaseStorageInternal.framework */,
				DE8156752885D53500A9E9AA /* GoogleDataTransport.framework */,
				DE8156772885D53500A9E9AA /* GoogleUtilities.framework */,
				DE8156792885D53500A9E9AA /* grpcpp.framework */,
				DE81567B2885D53500A9E9AA /* grpc.framework */,
				DE81567D2885D53500A9E9AA /* GTMSessionFetcher.framework */,
				DE81567F2885D53500A9E9AA /* leveldb.framework */,
				DE8156812885D53500A9E9AA /* uv.framework */,
				DE8156832885D53500A9E9AA /* nanopb.framework */,
				DE8156852885D53500A9E9AA /* Pods_NotesApp.framework */,
				DE8156872885D53500A9E9AA /* FBLPromises.framework */,
				DE81565B2885D4F200A9E9AA /* Pods_NotesApp.framework */,
				DE8156532885D28A00A9E9AA /* Pods_NotesApp.framework */,
				DE81561A2885CEAF00A9E9AA /* absl.framework */,
				DE81561C2885CEAF00A9E9AA /* openssl_grpc.framework */,
				DE81561E2885CEAF00A9E9AA /* FirebaseAppCheckInterop.framework */,
				DE8156202885CEAF00A9E9AA /* FirebaseAuth.framework */,
				DE8156222885CEAF00A9E9AA /* FirebaseAuthInterop.framework */,
				DE8156242885CEAF00A9E9AA /* FirebaseCore.framework */,
				DE8156262885CEAF00A9E9AA /* FirebaseCoreDiagnostics.framework */,
				DE8156282885CEAF00A9E9AA /* FirebaseCoreExtension.framework */,
				DE81562A2885CEAF00A9E9AA /* FirebaseCoreInternal.framework */,
				DE81562C2885CEAF00A9E9AA /* FirebaseFirestore.framework */,
				DE81562E2885CEAF00A9E9AA /* FirebaseStorage.framework */,
				DE8156302885CEAF00A9E9AA /* FirebaseStorageInternal.framework */,
				DE8156322885CEAF00A9E9AA /* GoogleDataTransport.framework */,
				DE8156342885CEAF00A9E9AA /* GoogleUtilities.framework */,
				DE8156362885CEAF00A9E9AA /* grpcpp.framework */,
				DE8156382885CEAF00A9E9AA /* grpc.framework */,
				DE81563A2885CEAF00A9E9AA /* GTMSessionFetcher.framework */,
				DE81563C2885CEAF00A9E9AA /* leveldb.framework */,
				DE81563E2885CEAF00A9E9AA /* uv.framework */,
				DE8156402885CEAF00A9E9AA /* nanopb.framework */,
				DE8156442885CEAF00A9E9AA /* FBLPromises.framework */,
				85BCDF812468C7C029B2F02F /* Pods_NotesApp.framework */,
				DC685500D6446924D64A39E2 /* Pods_Tests.framework */,
			);
			name = Frameworks;
			sourceTree = "<group>";
		};
/* End PBXGroup section */

/* Begin PBXNativeTarget section */
		DE622AD2290DCF9D00F7EC58 /* NotesAppTests */ = {
			isa = PBXNativeTarget;
			buildConfigurationList = DE622AD9290DCF9F00F7EC58 /* Build configuration list for PBXNativeTarget "NotesAppTests" */;
			buildPhases = (
				DE622ACF290DCF9D00F7EC58 /* Sources */,
				DE622AD0290DCF9D00F7EC58 /* Frameworks */,
				DE622AD1290DCF9D00F7EC58 /* Resources */,
			);
			buildRules = (
			);
			dependencies = (
				DE622AD8290DCF9E00F7EC58 /* PBXTargetDependency */,
			);
			name = NotesAppTests;
			productName = NotesAppTests;
			productReference = DE622AD3290DCF9D00F7EC58 /* NotesAppTests.xctest */;
			productType = "com.apple.product-type.bundle.unit-test";
		};
		DEDD8549279317400075D525 /* NotesApp */ = {
			isa = PBXNativeTarget;
			buildConfigurationList = DEDD855E279317420075D525 /* Build configuration list for PBXNativeTarget "NotesApp" */;
			buildPhases = (
				BDFDCD70BF3596846CD9EDA1 /* [CP] Check Pods Manifest.lock */,
				DEDD8546279317400075D525 /* Sources */,
				DEDD8547279317400075D525 /* Frameworks */,
				DEDD8548279317400075D525 /* Resources */,
				EAE8390B0F433214B2B4F710 /* [CP] Embed Pods Frameworks */,
				DE81564A2885D08E00A9E9AA /* Embed Frameworks */,
			);
			buildRules = (
			);
			dependencies = (
			);
			name = NotesApp;
			productName = NotesApp;
			productReference = DEDD854A279317400075D525 /* NotesApp.app */;
			productType = "com.apple.product-type.application";
		};
/* End PBXNativeTarget section */

/* Begin PBXProject section */
		DEDD8542279317400075D525 /* Project object */ = {
			isa = PBXProject;
			attributes = {
				BuildIndependentTargetsInParallel = 1;
				KnownAssetTags = (
					New,
				);
				LastSwiftUpdateCheck = 1400;
				LastUpgradeCheck = 1320;
				TargetAttributes = {
					DE622AD2290DCF9D00F7EC58 = {
						CreatedOnToolsVersion = 14.0.1;
						TestTargetID = DEDD8549279317400075D525;
					};
					DEDD8549279317400075D525 = {
						CreatedOnToolsVersion = 13.2.1;
					};
				};
			};
			buildConfigurationList = DEDD8545279317400075D525 /* Build configuration list for PBXProject "NotesApp" */;
			compatibilityVersion = "Xcode 13.0";
			developmentRegion = en;
			hasScannedForEncodings = 0;
			knownRegions = (
				en,
				Base,
				ru,
			);
			mainGroup = DEDD8541279317400075D525;
			productRefGroup = DEDD854B279317400075D525 /* Products */;
			projectDirPath = "";
			projectRoot = "";
			targets = (
				DEDD8549279317400075D525 /* NotesApp */,
				DE622AD2290DCF9D00F7EC58 /* NotesAppTests */,
			);
		};
/* End PBXProject section */

/* Begin PBXResourcesBuildPhase section */
		DE622AD1290DCF9D00F7EC58 /* Resources */ = {
			isa = PBXResourcesBuildPhase;
			buildActionMask = 2147483647;
			files = (
			);
			runOnlyForDeploymentPostprocessing = 0;
		};
		DEDD8548279317400075D525 /* Resources */ = {
			isa = PBXResourcesBuildPhase;
			buildActionMask = 2147483647;
			files = (
				DE4B005128F728A100E6C1D9 /* Settings.strings in Resources */,
				DEDD855A279317420075D525 /* LaunchScreen.storyboard in Resources */,
				DE1F0E4328F764590078917B /* AuthorizationView.xib in Resources */,
				DEC36C3128EB4A6100516459 /* DetailView.xib in Resources */,
				DEDD8562279319120075D525 /* GoogleService-Info.plist in Resources */,
				DE4B005F28F7333E00E6C1D9 /* TabBar.strings in Resources */,
				DE4B004E28F7289E00E6C1D9 /* WEB.strings in Resources */,
				DE61937528EB50C90002CB8B /* NotesTableViewCell.xib in Resources */,
				DEDD8557279317420075D525 /* Assets.xcassets in Resources */,
				DE4B004428F7277A00E6C1D9 /* NotesTable.strings in Resources */,
				DE1F0E4A28F764FD0078917B /* WEBView.xib in Resources */,
				DE4B005428F728A800E6C1D9 /* Authorization.strings in Resources */,
				DE0B8C7428EB49DD0001A68A /* NotesTableView.xib in Resources */,
			);
			runOnlyForDeploymentPostprocessing = 0;
		};
/* End PBXResourcesBuildPhase section */

/* Begin PBXShellScriptBuildPhase section */
		BDFDCD70BF3596846CD9EDA1 /* [CP] Check Pods Manifest.lock */ = {
			isa = PBXShellScriptBuildPhase;
			buildActionMask = 2147483647;
			files = (
			);
			inputFileListPaths = (
			);
			inputPaths = (
				"${PODS_PODFILE_DIR_PATH}/Podfile.lock",
				"${PODS_ROOT}/Manifest.lock",
			);
			name = "[CP] Check Pods Manifest.lock";
			outputFileListPaths = (
			);
			outputPaths = (
				"$(DERIVED_FILE_DIR)/Pods-NotesApp-checkManifestLockResult.txt",
			);
			runOnlyForDeploymentPostprocessing = 0;
			shellPath = /bin/sh;
			shellScript = "diff \"${PODS_PODFILE_DIR_PATH}/Podfile.lock\" \"${PODS_ROOT}/Manifest.lock\" > /dev/null\nif [ $? != 0 ] ; then\n    # print error to STDERR\n    echo \"error: The sandbox is not in sync with the Podfile.lock. Run 'pod install' or update your CocoaPods installation.\" >&2\n    exit 1\nfi\n# This output is used by Xcode 'outputs' to avoid re-running this script phase.\necho \"SUCCESS\" > \"${SCRIPT_OUTPUT_FILE_0}\"\n";
			showEnvVarsInLog = 0;
		};
		EAE8390B0F433214B2B4F710 /* [CP] Embed Pods Frameworks */ = {
			isa = PBXShellScriptBuildPhase;
			buildActionMask = 2147483647;
			files = (
			);
			inputFileListPaths = (
				"${PODS_ROOT}/Target Support Files/Pods-NotesApp/Pods-NotesApp-frameworks-${CONFIGURATION}-input-files.xcfilelist",
			);
			name = "[CP] Embed Pods Frameworks";
			outputFileListPaths = (
				"${PODS_ROOT}/Target Support Files/Pods-NotesApp/Pods-NotesApp-frameworks-${CONFIGURATION}-output-files.xcfilelist",
			);
			runOnlyForDeploymentPostprocessing = 0;
			shellPath = /bin/sh;
			shellScript = "\"${PODS_ROOT}/Target Support Files/Pods-NotesApp/Pods-NotesApp-frameworks.sh\"\n";
			showEnvVarsInLog = 0;
		};
/* End PBXShellScriptBuildPhase section */

/* Begin PBXSourcesBuildPhase section */
		DE622ACF290DCF9D00F7EC58 /* Sources */ = {
			isa = PBXSourcesBuildPhase;
			buildActionMask = 2147483647;
			files = (
				DE7A9066291525B900C62C03 /* NotesPresenterTest.swift in Sources */,
				DE7A9065291525B600C62C03 /* CommonMockClasses.swift in Sources */,
				DE7A9068291526A700C62C03 /* DetailPresenterTest.swift in Sources */,
			);
			runOnlyForDeploymentPostprocessing = 0;
		};
		DEDD8546279317400075D525 /* Sources */ = {
			isa = PBXSourcesBuildPhase;
			buildActionMask = 2147483647;
			files = (
				DEF58CFF28EA35EA00A74347 /* AuthorizationPresenter.swift in Sources */,
				DE9BC35828672A70005EADF8 /* RegistrationModule.swift in Sources */,
				DEF58D0128EA35EA00A74347 /* AuthorizationViewController.swift in Sources */,
				DEC36C3328EB4CBA00516459 /* SearchController.swift in Sources */,
				DE9BC35A28672BA3005EADF8 /* FilesModule.swift in Sources */,
				DECAB65328F22F0C00D1C60C /* FireAuthNotifName+NotifName.swift in Sources */,
				DEAB78E22897151C00BF0A9C /* WEBViewController.swift in Sources */,
				DEDD856527931C510075D525 /* Note.swift in Sources */,
				DE87635328D7A0F700828110 /* SegmenedTableViewCell.swift in Sources */,
				DE9F8DAA27DA43A3001852C3 /* AppSettings.swift in Sources */,
				DE2A6B5428DA5B88001C119B /* UIUserInterfaceStyle+title.swift in Sources */,
				DE8155F42885B6AE00A9E9AA /* DetailPresenter.swift in Sources */,
				DE4CA9DD2884BDC000924D66 /* NotesTablePresenter.swift in Sources */,
				DE9F8DA727DA428C001852C3 /* TabBarController.swift in Sources */,
				DE99589928DF2A7F00361A5B /* UITableView+cellManagment.swift in Sources */,
				DEAB78DF28970C9E00BF0A9C /* WEBPresenter.swift in Sources */,
				DEDD856727931C830075D525 /* APIManager.swift in Sources */,
				DE4CA9E02884C08600924D66 /* NotesTableViewController.swift in Sources */,
				DEC36C3528EB4D2600516459 /* NotesTableViewCell.swift in Sources */,
				DEDA5CE328953BB5005E4E65 /* SettingsPresenter.swift in Sources */,
				DE99589B28DF4D1700361A5B /* UItableViewCell+identefier.swift in Sources */,
				DE8155F72885B82500A9E9AA /* DetailViewController.swift in Sources */,
				DE4CA9D82884BCE700924D66 /* ModulesBuilder.swift in Sources */,
				DEDD854E279317400075D525 /* AppDelegate.swift in Sources */,
				DEDD8550279317400075D525 /* SceneDelegate.swift in Sources */,
				DE7470DB28D740EF0088771E /* ButtonTableViewCell.swift in Sources */,
				DEDA5CE028953B98005E4E65 /* SettingsTableViewController.swift in Sources */,
				DE4B005C28F72D4C00E6C1D9 /* TableNames.swift in Sources */,
			);
			runOnlyForDeploymentPostprocessing = 0;
		};
/* End PBXSourcesBuildPhase section */

/* Begin PBXTargetDependency section */
		DE622AD8290DCF9E00F7EC58 /* PBXTargetDependency */ = {
			isa = PBXTargetDependency;
			target = DEDD8549279317400075D525 /* NotesApp */;
			targetProxy = DE622AD7290DCF9E00F7EC58 /* PBXContainerItemProxy */;
		};
/* End PBXTargetDependency section */

/* Begin PBXVariantGroup section */
		DE1F0E4528F764590078917B /* AuthorizationView.xib */ = {
			isa = PBXVariantGroup;
			children = (
				DE1F0E4428F764590078917B /* Base */,
				DE1F0E4928F764740078917B /* ru */,
			);
			name = AuthorizationView.xib;
			sourceTree = "<group>";
		};
		DE1F0E4C28F764FD0078917B /* WEBView.xib */ = {
			isa = PBXVariantGroup;
			children = (
				DE1F0E4B28F764FD0078917B /* Base */,
				DE1F0E4E28F7650B0078917B /* ru */,
			);
			name = WEBView.xib;
			sourceTree = "<group>";
		};
		DE4B004628F7277A00E6C1D9 /* NotesTable.strings */ = {
			isa = PBXVariantGroup;
			children = (
				DE4B005A28F728B700E6C1D9 /* ru */,
			);
			name = NotesTable.strings;
			sourceTree = "<group>";
		};
		DE4B005028F7289E00E6C1D9 /* WEB.strings */ = {
			isa = PBXVariantGroup;
			children = (
				DE4B005928F728B700E6C1D9 /* ru */,
			);
			name = WEB.strings;
			sourceTree = "<group>";
		};
		DE4B005328F728A100E6C1D9 /* Settings.strings */ = {
			isa = PBXVariantGroup;
			children = (
				DE4B005828F728B600E6C1D9 /* ru */,
			);
			name = Settings.strings;
			sourceTree = "<group>";
		};
		DE4B005628F728A800E6C1D9 /* Authorization.strings */ = {
			isa = PBXVariantGroup;
			children = (
				DE4B005728F728B600E6C1D9 /* ru */,
			);
			name = Authorization.strings;
			sourceTree = "<group>";
		};
		DE4B006128F7333E00E6C1D9 /* TabBar.strings */ = {
			isa = PBXVariantGroup;
			children = (
				DE4B006228F7334200E6C1D9 /* ru */,
			);
			name = TabBar.strings;
			sourceTree = "<group>";
		};
		DEDD8558279317420075D525 /* LaunchScreen.storyboard */ = {
			isa = PBXVariantGroup;
			children = (
				DEDD8559279317420075D525 /* Base */,
			);
			name = LaunchScreen.storyboard;
			sourceTree = "<group>";
		};
/* End PBXVariantGroup section */

/* Begin XCBuildConfiguration section */
		DE622ADA290DCF9F00F7EC58 /* Debug */ = {
			isa = XCBuildConfiguration;
			buildSettings = {
				BUNDLE_LOADER = "$(TEST_HOST)";
				CLANG_CXX_LANGUAGE_STANDARD = "gnu++20";
				CODE_SIGN_STYLE = Automatic;
				CURRENT_PROJECT_VERSION = 1;
				DEVELOPMENT_TEAM = DVR9X2HBAM;
				GENERATE_INFOPLIST_FILE = YES;
				HEADER_SEARCH_PATHS = "${SRCROOT}/Pods/Firebase/CoreOnly/Sources";
				IPHONEOS_DEPLOYMENT_TARGET = 16.0;
				MARKETING_VERSION = 1.0;
				PRODUCT_BUNDLE_IDENTIFIER = test.NotesAppTests;
				PRODUCT_NAME = "$(TARGET_NAME)";
				SWIFT_EMIT_LOC_STRINGS = NO;
				SWIFT_VERSION = 5.0;
				TARGETED_DEVICE_FAMILY = "1,2";
				TEST_HOST = "$(BUILT_PRODUCTS_DIR)/NotesApp.app/$(BUNDLE_EXECUTABLE_FOLDER_PATH)/NotesApp";
			};
			name = Debug;
		};
		DE622ADB290DCF9F00F7EC58 /* Release */ = {
			isa = XCBuildConfiguration;
			buildSettings = {
				BUNDLE_LOADER = "$(TEST_HOST)";
				CLANG_CXX_LANGUAGE_STANDARD = "gnu++20";
				CODE_SIGN_STYLE = Automatic;
				CURRENT_PROJECT_VERSION = 1;
				DEVELOPMENT_TEAM = DVR9X2HBAM;
				GENERATE_INFOPLIST_FILE = YES;
				HEADER_SEARCH_PATHS = "${SRCROOT}/Pods/Firebase/CoreOnly/Sources";
				IPHONEOS_DEPLOYMENT_TARGET = 16.0;
				MARKETING_VERSION = 1.0;
				PRODUCT_BUNDLE_IDENTIFIER = test.NotesAppTests;
				PRODUCT_NAME = "$(TARGET_NAME)";
				SWIFT_EMIT_LOC_STRINGS = NO;
				SWIFT_VERSION = 5.0;
				TARGETED_DEVICE_FAMILY = "1,2";
				TEST_HOST = "$(BUILT_PRODUCTS_DIR)/NotesApp.app/$(BUNDLE_EXECUTABLE_FOLDER_PATH)/NotesApp";
			};
			name = Release;
		};
		DEDD855C279317420075D525 /* Debug */ = {
			isa = XCBuildConfiguration;
			buildSettings = {
				ALWAYS_SEARCH_USER_PATHS = NO;
				CLANG_ANALYZER_LOCALIZABILITY_NONLOCALIZED = YES;
				CLANG_ANALYZER_NONNULL = YES;
				CLANG_ANALYZER_NUMBER_OBJECT_CONVERSION = YES_AGGRESSIVE;
				CLANG_CXX_LANGUAGE_STANDARD = "gnu++17";
				CLANG_CXX_LIBRARY = "libc++";
				CLANG_ENABLE_MODULES = YES;
				CLANG_ENABLE_OBJC_ARC = YES;
				CLANG_ENABLE_OBJC_WEAK = YES;
				CLANG_WARN_BLOCK_CAPTURE_AUTORELEASING = YES;
				CLANG_WARN_BOOL_CONVERSION = YES;
				CLANG_WARN_COMMA = YES;
				CLANG_WARN_CONSTANT_CONVERSION = YES;
				CLANG_WARN_DEPRECATED_OBJC_IMPLEMENTATIONS = YES;
				CLANG_WARN_DIRECT_OBJC_ISA_USAGE = YES_ERROR;
				CLANG_WARN_DOCUMENTATION_COMMENTS = YES;
				CLANG_WARN_EMPTY_BODY = YES;
				CLANG_WARN_ENUM_CONVERSION = YES;
				CLANG_WARN_INFINITE_RECURSION = YES;
				CLANG_WARN_INT_CONVERSION = YES;
				CLANG_WARN_NON_LITERAL_NULL_CONVERSION = YES;
				CLANG_WARN_OBJC_IMPLICIT_RETAIN_SELF = YES;
				CLANG_WARN_OBJC_LITERAL_CONVERSION = YES;
				CLANG_WARN_OBJC_ROOT_CLASS = YES_ERROR;
				CLANG_WARN_QUOTED_INCLUDE_IN_FRAMEWORK_HEADER = YES;
				CLANG_WARN_RANGE_LOOP_ANALYSIS = YES;
				CLANG_WARN_STRICT_PROTOTYPES = YES;
				CLANG_WARN_SUSPICIOUS_MOVE = YES;
				CLANG_WARN_UNGUARDED_AVAILABILITY = YES_AGGRESSIVE;
				CLANG_WARN_UNREACHABLE_CODE = YES;
				CLANG_WARN__DUPLICATE_METHOD_MATCH = YES;
				COPY_PHASE_STRIP = NO;
				DEBUG_INFORMATION_FORMAT = dwarf;
				ENABLE_STRICT_OBJC_MSGSEND = YES;
				ENABLE_TESTABILITY = YES;
				GCC_C_LANGUAGE_STANDARD = gnu11;
				GCC_DYNAMIC_NO_PIC = NO;
				GCC_NO_COMMON_BLOCKS = YES;
				GCC_OPTIMIZATION_LEVEL = 0;
				GCC_PREPROCESSOR_DEFINITIONS = (
					"DEBUG=1",
					"$(inherited)",
				);
				GCC_WARN_64_TO_32_BIT_CONVERSION = YES;
				GCC_WARN_ABOUT_RETURN_TYPE = YES_ERROR;
				GCC_WARN_UNDECLARED_SELECTOR = YES;
				GCC_WARN_UNINITIALIZED_AUTOS = YES_AGGRESSIVE;
				GCC_WARN_UNUSED_FUNCTION = YES;
				GCC_WARN_UNUSED_VARIABLE = YES;
				IPHONEOS_DEPLOYMENT_TARGET = 15.2;
				MTL_ENABLE_DEBUG_INFO = INCLUDE_SOURCE;
				MTL_FAST_MATH = YES;
				ONLY_ACTIVE_ARCH = YES;
				SDKROOT = iphoneos;
				SWIFT_ACTIVE_COMPILATION_CONDITIONS = DEBUG;
				SWIFT_OPTIMIZATION_LEVEL = "-Onone";
			};
			name = Debug;
		};
		DEDD855D279317420075D525 /* Release */ = {
			isa = XCBuildConfiguration;
			buildSettings = {
				ALWAYS_SEARCH_USER_PATHS = NO;
				CLANG_ANALYZER_LOCALIZABILITY_NONLOCALIZED = YES;
				CLANG_ANALYZER_NONNULL = YES;
				CLANG_ANALYZER_NUMBER_OBJECT_CONVERSION = YES_AGGRESSIVE;
				CLANG_CXX_LANGUAGE_STANDARD = "gnu++17";
				CLANG_CXX_LIBRARY = "libc++";
				CLANG_ENABLE_MODULES = YES;
				CLANG_ENABLE_OBJC_ARC = YES;
				CLANG_ENABLE_OBJC_WEAK = YES;
				CLANG_WARN_BLOCK_CAPTURE_AUTORELEASING = YES;
				CLANG_WARN_BOOL_CONVERSION = YES;
				CLANG_WARN_COMMA = YES;
				CLANG_WARN_CONSTANT_CONVERSION = YES;
				CLANG_WARN_DEPRECATED_OBJC_IMPLEMENTATIONS = YES;
				CLANG_WARN_DIRECT_OBJC_ISA_USAGE = YES_ERROR;
				CLANG_WARN_DOCUMENTATION_COMMENTS = YES;
				CLANG_WARN_EMPTY_BODY = YES;
				CLANG_WARN_ENUM_CONVERSION = YES;
				CLANG_WARN_INFINITE_RECURSION = YES;
				CLANG_WARN_INT_CONVERSION = YES;
				CLANG_WARN_NON_LITERAL_NULL_CONVERSION = YES;
				CLANG_WARN_OBJC_IMPLICIT_RETAIN_SELF = YES;
				CLANG_WARN_OBJC_LITERAL_CONVERSION = YES;
				CLANG_WARN_OBJC_ROOT_CLASS = YES_ERROR;
				CLANG_WARN_QUOTED_INCLUDE_IN_FRAMEWORK_HEADER = YES;
				CLANG_WARN_RANGE_LOOP_ANALYSIS = YES;
				CLANG_WARN_STRICT_PROTOTYPES = YES;
				CLANG_WARN_SUSPICIOUS_MOVE = YES;
				CLANG_WARN_UNGUARDED_AVAILABILITY = YES_AGGRESSIVE;
				CLANG_WARN_UNREACHABLE_CODE = YES;
				CLANG_WARN__DUPLICATE_METHOD_MATCH = YES;
				COPY_PHASE_STRIP = NO;
				DEBUG_INFORMATION_FORMAT = "dwarf-with-dsym";
				ENABLE_NS_ASSERTIONS = NO;
				ENABLE_STRICT_OBJC_MSGSEND = YES;
				GCC_C_LANGUAGE_STANDARD = gnu11;
				GCC_NO_COMMON_BLOCKS = YES;
				GCC_WARN_64_TO_32_BIT_CONVERSION = YES;
				GCC_WARN_ABOUT_RETURN_TYPE = YES_ERROR;
				GCC_WARN_UNDECLARED_SELECTOR = YES;
				GCC_WARN_UNINITIALIZED_AUTOS = YES_AGGRESSIVE;
				GCC_WARN_UNUSED_FUNCTION = YES;
				GCC_WARN_UNUSED_VARIABLE = YES;
				IPHONEOS_DEPLOYMENT_TARGET = 15.2;
				MTL_ENABLE_DEBUG_INFO = NO;
				MTL_FAST_MATH = YES;
				SDKROOT = iphoneos;
				SWIFT_COMPILATION_MODE = wholemodule;
				SWIFT_OPTIMIZATION_LEVEL = "-O";
				VALIDATE_PRODUCT = YES;
			};
			name = Release;
		};
		DEDD855F279317420075D525 /* Debug */ = {
			isa = XCBuildConfiguration;
			baseConfigurationReference = CC4F1A8F2DA7DF4762F4F701 /* Pods-NotesApp.debug.xcconfig */;
			buildSettings = {
				ASSETCATALOG_COMPILER_APPICON_NAME = AppIcon;
				ASSETCATALOG_COMPILER_GLOBAL_ACCENT_COLOR_NAME = AccentColor;
				CODE_SIGN_STYLE = Automatic;
				CURRENT_PROJECT_VERSION = 1;
				DEVELOPMENT_TEAM = DVR9X2HBAM;
				GENERATE_INFOPLIST_FILE = YES;
				INFOPLIST_FILE = NotesApp/Info.plist;
				INFOPLIST_KEY_UIApplicationSupportsIndirectInputEvents = YES;
				INFOPLIST_KEY_UILaunchStoryboardName = LaunchScreen.storyboard;
				INFOPLIST_KEY_UISupportedInterfaceOrientations = UIInterfaceOrientationPortrait;
				INFOPLIST_KEY_UISupportedInterfaceOrientations_iPad = "UIInterfaceOrientationLandscapeLeft UIInterfaceOrientationLandscapeRight UIInterfaceOrientationPortrait UIInterfaceOrientationPortraitUpsideDown";
				IPHONEOS_DEPLOYMENT_TARGET = 15.0;
				LD_RUNPATH_SEARCH_PATHS = (
					"$(inherited)",
					"@executable_path/Frameworks",
				);
				MARKETING_VERSION = 1.0;
				PRODUCT_BUNDLE_IDENTIFIER = "Stanislav-Zverkov.NotesApp";
				PRODUCT_NAME = "$(TARGET_NAME)";
				SUPPORTED_PLATFORMS = "iphoneos iphonesimulator";
				SUPPORTS_MACCATALYST = NO;
				SUPPORTS_MAC_DESIGNED_FOR_IPHONE_IPAD = NO;
				SWIFT_EMIT_LOC_STRINGS = YES;
				SWIFT_VERSION = 5.0;
				TARGETED_DEVICE_FAMILY = "1,2";
			};
			name = Debug;
		};
		DEDD8560279317420075D525 /* Release */ = {
			isa = XCBuildConfiguration;
			baseConfigurationReference = AFEE54E9182AFD183FF8F65E /* Pods-NotesApp.release.xcconfig */;
			buildSettings = {
				ASSETCATALOG_COMPILER_APPICON_NAME = AppIcon;
				ASSETCATALOG_COMPILER_GLOBAL_ACCENT_COLOR_NAME = AccentColor;
				CODE_SIGN_STYLE = Automatic;
				CURRENT_PROJECT_VERSION = 1;
				DEVELOPMENT_TEAM = DVR9X2HBAM;
				GENERATE_INFOPLIST_FILE = YES;
				INFOPLIST_FILE = NotesApp/Info.plist;
				INFOPLIST_KEY_UIApplicationSupportsIndirectInputEvents = YES;
				INFOPLIST_KEY_UILaunchStoryboardName = LaunchScreen.storyboard;
				INFOPLIST_KEY_UISupportedInterfaceOrientations = UIInterfaceOrientationPortrait;
				INFOPLIST_KEY_UISupportedInterfaceOrientations_iPad = "UIInterfaceOrientationLandscapeLeft UIInterfaceOrientationLandscapeRight UIInterfaceOrientationPortrait UIInterfaceOrientationPortraitUpsideDown";
				IPHONEOS_DEPLOYMENT_TARGET = 15.0;
				LD_RUNPATH_SEARCH_PATHS = (
					"$(inherited)",
					"@executable_path/Frameworks",
				);
				MARKETING_VERSION = 1.0;
				PRODUCT_BUNDLE_IDENTIFIER = "Stanislav-Zverkov.NotesApp";
				PRODUCT_NAME = "$(TARGET_NAME)";
				SUPPORTED_PLATFORMS = "iphoneos iphonesimulator";
				SUPPORTS_MACCATALYST = NO;
				SUPPORTS_MAC_DESIGNED_FOR_IPHONE_IPAD = NO;
				SWIFT_EMIT_LOC_STRINGS = YES;
				SWIFT_VERSION = 5.0;
				TARGETED_DEVICE_FAMILY = "1,2";
			};
			name = Release;
		};
/* End XCBuildConfiguration section */

/* Begin XCConfigurationList section */
		DE622AD9290DCF9F00F7EC58 /* Build configuration list for PBXNativeTarget "NotesAppTests" */ = {
			isa = XCConfigurationList;
			buildConfigurations = (
				DE622ADA290DCF9F00F7EC58 /* Debug */,
				DE622ADB290DCF9F00F7EC58 /* Release */,
			);
			defaultConfigurationIsVisible = 0;
			defaultConfigurationName = Release;
		};
		DEDD8545279317400075D525 /* Build configuration list for PBXProject "NotesApp" */ = {
			isa = XCConfigurationList;
			buildConfigurations = (
				DEDD855C279317420075D525 /* Debug */,
				DEDD855D279317420075D525 /* Release */,
			);
			defaultConfigurationIsVisible = 0;
			defaultConfigurationName = Release;
		};
		DEDD855E279317420075D525 /* Build configuration list for PBXNativeTarget "NotesApp" */ = {
			isa = XCConfigurationList;
			buildConfigurations = (
				DEDD855F279317420075D525 /* Debug */,
				DEDD8560279317420075D525 /* Release */,
			);
			defaultConfigurationIsVisible = 0;
			defaultConfigurationName = Release;
		};
/* End XCConfigurationList section */
	};
	rootObject = DEDD8542279317400075D525 /* Project object */;
}
